// !$*UTF8*$!
{
	archiveVersion = 1;
	classes = {
	};
	objectVersion = 45;
	objects = {

/* Begin PBXBuildFile section */
		1D3623260D0F684500981E51 /* ExpenseWorksAppDelegate.m in Sources */ = {isa = PBXBuildFile; fileRef = 1D3623250D0F684500981E51 /* ExpenseWorksAppDelegate.m */; };
		1D60589B0D05DD56006BFB54 /* main.m in Sources */ = {isa = PBXBuildFile; fileRef = 29B97316FDCFA39411CA2CEA /* main.m */; };
		1D60589F0D05DD5A006BFB54 /* Foundation.framework in Frameworks */ = {isa = PBXBuildFile; fileRef = 1D30AB110D05D00D00671497 /* Foundation.framework */; };
		1DF5F4E00D08C38300B7A737 /* UIKit.framework in Frameworks */ = {isa = PBXBuildFile; fileRef = 1DF5F4DF0D08C38300B7A737 /* UIKit.framework */; };
		288765FD0DF74451002DB57D /* CoreGraphics.framework in Frameworks */ = {isa = PBXBuildFile; fileRef = 288765FC0DF74451002DB57D /* CoreGraphics.framework */; };
		28AD733F0D9D9553002E5188 /* MainWindow.xib in Resources */ = {isa = PBXBuildFile; fileRef = 28AD733E0D9D9553002E5188 /* MainWindow.xib */; };
		840C02CD0FC8C1EC00A7E2BD /* PaymentType.m in Sources */ = {isa = PBXBuildFile; fileRef = 840C02CB0FC8C1EC00A7E2BD /* PaymentType.m */; };
		840C02CE0FC8C1EC00A7E2BD /* PaymentType.m in Sources */ = {isa = PBXBuildFile; fileRef = 840C02CB0FC8C1EC00A7E2BD /* PaymentType.m */; };
		840C02D30FC8C34700A7E2BD /* Attendee.m in Sources */ = {isa = PBXBuildFile; fileRef = 840C02CF0FC8C34700A7E2BD /* Attendee.m */; };
		840C02D40FC8C34700A7E2BD /* Project.m in Sources */ = {isa = PBXBuildFile; fileRef = 840C02D10FC8C34700A7E2BD /* Project.m */; };
		840C02D50FC8C34700A7E2BD /* Attendee.m in Sources */ = {isa = PBXBuildFile; fileRef = 840C02CF0FC8C34700A7E2BD /* Attendee.m */; };
		840C02D60FC8C34700A7E2BD /* Project.m in Sources */ = {isa = PBXBuildFile; fileRef = 840C02D10FC8C34700A7E2BD /* Project.m */; };
		840C07BE0FC909C600A7E2BD /* XTriplet.m in Sources */ = {isa = PBXBuildFile; fileRef = 840C07620FC909C600A7E2BD /* XTriplet.m */; };
		840C07C00FC909C600A7E2BD /* XTrampoline.m in Sources */ = {isa = PBXBuildFile; fileRef = 840C07650FC909C600A7E2BD /* XTrampoline.m */; };
		840C07C20FC909C600A7E2BD /* XString.m in Sources */ = {isa = PBXBuildFile; fileRef = 840C07680FC909C600A7E2BD /* XString.m */; };
		840C07C40FC909C600A7E2BD /* XQuadruplet.m in Sources */ = {isa = PBXBuildFile; fileRef = 840C076B0FC909C600A7E2BD /* XQuadruplet.m */; };
		840C07C60FC909C600A7E2BD /* XObject.m in Sources */ = {isa = PBXBuildFile; fileRef = 840C076E0FC909C600A7E2BD /* XObject.m */; };
		840C07C80FC909C600A7E2BD /* XMethod.m in Sources */ = {isa = PBXBuildFile; fileRef = 840C07710FC909C600A7E2BD /* XMethod.m */; };
		840C07CA0FC909C600A7E2BD /* XDoublet.m in Sources */ = {isa = PBXBuildFile; fileRef = 840C07740FC909C600A7E2BD /* XDoublet.m */; };
		840C07CC0FC909C600A7E2BD /* XCore.m in Sources */ = {isa = PBXBuildFile; fileRef = 840C07770FC909C600A7E2BD /* XCore.m */; };
		840C07CD0FC909C600A7E2BD /* RegexKitLite.m in Sources */ = {isa = PBXBuildFile; fileRef = 840C077B0FC909C600A7E2BD /* RegexKitLite.m */; };
		840C07CE0FC909C600A7E2BD /* XFile.d in Sources */ = {isa = PBXBuildFile; fileRef = 840C077E0FC909C600A7E2BD /* XFile.d */; };
		840C07CF0FC909C600A7E2BD /* XFile.m in Sources */ = {isa = PBXBuildFile; fileRef = 840C07800FC909C600A7E2BD /* XFile.m */; };
		840C07D00FC909C600A7E2BD /* XImage.d in Sources */ = {isa = PBXBuildFile; fileRef = 840C07830FC909C600A7E2BD /* XImage.d */; };
		840C07D10FC909C600A7E2BD /* XImage.m in Sources */ = {isa = PBXBuildFile; fileRef = 840C07850FC909C600A7E2BD /* XImage.m */; };
		840C07D20FC909C600A7E2BD /* _XParameterSet.m in Sources */ = {isa = PBXBuildFile; fileRef = 840C07890FC909C600A7E2BD /* _XParameterSet.m */; };
		840C07D40FC909C600A7E2BD /* NSArray+X.m in Sources */ = {isa = PBXBuildFile; fileRef = 840C078D0FC909C600A7E2BD /* NSArray+X.m */; };
		840C07D60FC909C600A7E2BD /* NSData+X.m in Sources */ = {isa = PBXBuildFile; fileRef = 840C07900FC909C600A7E2BD /* NSData+X.m */; };
		840C07D80FC909C600A7E2BD /* NSDate+X.m in Sources */ = {isa = PBXBuildFile; fileRef = 840C07930FC909C600A7E2BD /* NSDate+X.m */; };
		840C07DA0FC909C600A7E2BD /* NSDateFormatter+X.m in Sources */ = {isa = PBXBuildFile; fileRef = 840C07960FC909C600A7E2BD /* NSDateFormatter+X.m */; };
		840C07DC0FC909C600A7E2BD /* NSDictionary+X.m in Sources */ = {isa = PBXBuildFile; fileRef = 840C07990FC909C600A7E2BD /* NSDictionary+X.m */; };
		840C07DE0FC909C600A7E2BD /* NSException+X.m in Sources */ = {isa = PBXBuildFile; fileRef = 840C079C0FC909C600A7E2BD /* NSException+X.m */; };
		840C07E00FC909C600A7E2BD /* NSFileManager+X.m in Sources */ = {isa = PBXBuildFile; fileRef = 840C079F0FC909C600A7E2BD /* NSFileManager+X.m */; };
		840C07E20FC909C600A7E2BD /* NSInvocation+X.m in Sources */ = {isa = PBXBuildFile; fileRef = 840C07A20FC909C600A7E2BD /* NSInvocation+X.m */; };
		840C07E40FC909C600A7E2BD /* NSMutableArray+X.m in Sources */ = {isa = PBXBuildFile; fileRef = 840C07A50FC909C600A7E2BD /* NSMutableArray+X.m */; };
		840C07E60FC909C600A7E2BD /* NSMutableDictionary+X.m in Sources */ = {isa = PBXBuildFile; fileRef = 840C07A80FC909C600A7E2BD /* NSMutableDictionary+X.m */; };
		840C07E80FC909C600A7E2BD /* NSMutableString+X.m in Sources */ = {isa = PBXBuildFile; fileRef = 840C07AB0FC909C600A7E2BD /* NSMutableString+X.m */; };
		840C07EA0FC909C600A7E2BD /* NSNumber+X.m in Sources */ = {isa = PBXBuildFile; fileRef = 840C07AF0FC909C600A7E2BD /* NSNumber+X.m */; };
		840C07EC0FC909C600A7E2BD /* NSObject+X.m in Sources */ = {isa = PBXBuildFile; fileRef = 840C07B20FC909C600A7E2BD /* NSObject+X.m */; };
		840C07EE0FC909C600A7E2BD /* NSString+X.m in Sources */ = {isa = PBXBuildFile; fileRef = 840C07B50FC909C600A7E2BD /* NSString+X.m */; };
		840C07F00FC909C600A7E2BD /* XArray.m in Sources */ = {isa = PBXBuildFile; fileRef = 840C07B90FC909C600A7E2BD /* XArray.m */; };
		840C07F20FC909C600A7E2BD /* XHash.m in Sources */ = {isa = PBXBuildFile; fileRef = 840C07BD0FC909C600A7E2BD /* XHash.m */; };
		840C07F30FC909C600A7E2BD /* XTriplet.m in Sources */ = {isa = PBXBuildFile; fileRef = 840C07620FC909C600A7E2BD /* XTriplet.m */; };
		840C07F50FC909C600A7E2BD /* XTrampoline.m in Sources */ = {isa = PBXBuildFile; fileRef = 840C07650FC909C600A7E2BD /* XTrampoline.m */; };
		840C07F70FC909C600A7E2BD /* XString.m in Sources */ = {isa = PBXBuildFile; fileRef = 840C07680FC909C600A7E2BD /* XString.m */; };
		840C07F90FC909C600A7E2BD /* XQuadruplet.m in Sources */ = {isa = PBXBuildFile; fileRef = 840C076B0FC909C600A7E2BD /* XQuadruplet.m */; };
		840C07FB0FC909C600A7E2BD /* XObject.m in Sources */ = {isa = PBXBuildFile; fileRef = 840C076E0FC909C600A7E2BD /* XObject.m */; };
		840C07FD0FC909C600A7E2BD /* XMethod.m in Sources */ = {isa = PBXBuildFile; fileRef = 840C07710FC909C600A7E2BD /* XMethod.m */; };
		840C07FF0FC909C600A7E2BD /* XDoublet.m in Sources */ = {isa = PBXBuildFile; fileRef = 840C07740FC909C600A7E2BD /* XDoublet.m */; };
		840C08010FC909C600A7E2BD /* XCore.m in Sources */ = {isa = PBXBuildFile; fileRef = 840C07770FC909C600A7E2BD /* XCore.m */; };
		840C08020FC909C600A7E2BD /* RegexKitLite.m in Sources */ = {isa = PBXBuildFile; fileRef = 840C077B0FC909C600A7E2BD /* RegexKitLite.m */; };
		840C08030FC909C600A7E2BD /* XFile.d in Sources */ = {isa = PBXBuildFile; fileRef = 840C077E0FC909C600A7E2BD /* XFile.d */; };
		840C08040FC909C600A7E2BD /* XFile.m in Sources */ = {isa = PBXBuildFile; fileRef = 840C07800FC909C600A7E2BD /* XFile.m */; };
		840C08050FC909C600A7E2BD /* XImage.d in Sources */ = {isa = PBXBuildFile; fileRef = 840C07830FC909C600A7E2BD /* XImage.d */; };
		840C08060FC909C600A7E2BD /* XImage.m in Sources */ = {isa = PBXBuildFile; fileRef = 840C07850FC909C600A7E2BD /* XImage.m */; };
		840C08070FC909C600A7E2BD /* _XParameterSet.m in Sources */ = {isa = PBXBuildFile; fileRef = 840C07890FC909C600A7E2BD /* _XParameterSet.m */; };
		840C08090FC909C600A7E2BD /* NSArray+X.m in Sources */ = {isa = PBXBuildFile; fileRef = 840C078D0FC909C600A7E2BD /* NSArray+X.m */; };
		840C080B0FC909C600A7E2BD /* NSData+X.m in Sources */ = {isa = PBXBuildFile; fileRef = 840C07900FC909C600A7E2BD /* NSData+X.m */; };
		840C080D0FC909C600A7E2BD /* NSDate+X.m in Sources */ = {isa = PBXBuildFile; fileRef = 840C07930FC909C600A7E2BD /* NSDate+X.m */; };
		840C080F0FC909C600A7E2BD /* NSDateFormatter+X.m in Sources */ = {isa = PBXBuildFile; fileRef = 840C07960FC909C600A7E2BD /* NSDateFormatter+X.m */; };
		840C08110FC909C600A7E2BD /* NSDictionary+X.m in Sources */ = {isa = PBXBuildFile; fileRef = 840C07990FC909C600A7E2BD /* NSDictionary+X.m */; };
		840C08130FC909C600A7E2BD /* NSException+X.m in Sources */ = {isa = PBXBuildFile; fileRef = 840C079C0FC909C600A7E2BD /* NSException+X.m */; };
		840C08150FC909C600A7E2BD /* NSFileManager+X.m in Sources */ = {isa = PBXBuildFile; fileRef = 840C079F0FC909C600A7E2BD /* NSFileManager+X.m */; };
		840C08170FC909C600A7E2BD /* NSInvocation+X.m in Sources */ = {isa = PBXBuildFile; fileRef = 840C07A20FC909C600A7E2BD /* NSInvocation+X.m */; };
		840C08190FC909C600A7E2BD /* NSMutableArray+X.m in Sources */ = {isa = PBXBuildFile; fileRef = 840C07A50FC909C600A7E2BD /* NSMutableArray+X.m */; };
		840C081B0FC909C600A7E2BD /* NSMutableDictionary+X.m in Sources */ = {isa = PBXBuildFile; fileRef = 840C07A80FC909C600A7E2BD /* NSMutableDictionary+X.m */; };
		840C081D0FC909C600A7E2BD /* NSMutableString+X.m in Sources */ = {isa = PBXBuildFile; fileRef = 840C07AB0FC909C600A7E2BD /* NSMutableString+X.m */; };
		840C081F0FC909C600A7E2BD /* NSNumber+X.m in Sources */ = {isa = PBXBuildFile; fileRef = 840C07AF0FC909C600A7E2BD /* NSNumber+X.m */; };
		840C08210FC909C600A7E2BD /* NSObject+X.m in Sources */ = {isa = PBXBuildFile; fileRef = 840C07B20FC909C600A7E2BD /* NSObject+X.m */; };
		840C08230FC909C600A7E2BD /* NSString+X.m in Sources */ = {isa = PBXBuildFile; fileRef = 840C07B50FC909C600A7E2BD /* NSString+X.m */; };
		840C08250FC909C600A7E2BD /* XArray.m in Sources */ = {isa = PBXBuildFile; fileRef = 840C07B90FC909C600A7E2BD /* XArray.m */; };
		840C08270FC909C600A7E2BD /* XHash.m in Sources */ = {isa = PBXBuildFile; fileRef = 840C07BD0FC909C600A7E2BD /* XHash.m */; };
		840C08A30FC9ABDA00A7E2BD /* libicucore.dylib in Frameworks */ = {isa = PBXBuildFile; fileRef = 840C08A20FC9ABDA00A7E2BD /* libicucore.dylib */; };
		840C08A40FC9ABDA00A7E2BD /* libicucore.dylib in Frameworks */ = {isa = PBXBuildFile; fileRef = 840C08A20FC9ABDA00A7E2BD /* libicucore.dylib */; };
		840CFD860FC618BB00A7E2BD /* DownArrow24x24.png in Resources */ = {isa = PBXBuildFile; fileRef = 840CFD850FC618BB00A7E2BD /* DownArrow24x24.png */; };
		840CFD870FC618BB00A7E2BD /* DownArrow24x24.png in Resources */ = {isa = PBXBuildFile; fileRef = 840CFD850FC618BB00A7E2BD /* DownArrow24x24.png */; };
		840CFE8A0FC719C100A7E2BD /* Currency.m in Sources */ = {isa = PBXBuildFile; fileRef = 840CFE880FC719C100A7E2BD /* Currency.m */; };
		840CFE8B0FC719C100A7E2BD /* Currency.m in Sources */ = {isa = PBXBuildFile; fileRef = 840CFE880FC719C100A7E2BD /* Currency.m */; };
		8416A7EC0FAE31EC00683EA9 /* GTMSenTestCase.m in Sources */ = {isa = PBXBuildFile; fileRef = 8416A7E70FAE31EC00683EA9 /* GTMSenTestCase.m */; };
		8416A7ED0FAE31EC00683EA9 /* GTMIPhoneUnitTestMain.m in Sources */ = {isa = PBXBuildFile; fileRef = 8416A7E90FAE31EC00683EA9 /* GTMIPhoneUnitTestMain.m */; };
		8416A7EE0FAE31EC00683EA9 /* GTMIPhoneUnitTestDelegate.m in Sources */ = {isa = PBXBuildFile; fileRef = 8416A7EA0FAE31EC00683EA9 /* GTMIPhoneUnitTestDelegate.m */; };
		8416A8330FAE433A00683EA9 /* ExpenseWorksAppDelegateTest.m in Sources */ = {isa = PBXBuildFile; fileRef = 8416A8320FAE433A00683EA9 /* ExpenseWorksAppDelegateTest.m */; };
		8416A8790FAE532F00683EA9 /* OCMock.framework in Frameworks */ = {isa = PBXBuildFile; fileRef = 8416A8780FAE532F00683EA9 /* OCMock.framework */; };
		8416A8840FAE556A00683EA9 /* OCMock.framework in Copy OCMock */ = {isa = PBXBuildFile; fileRef = 8416A8780FAE532F00683EA9 /* OCMock.framework */; };
		84384A3D0FB7BAD100D469DC /* ExpenseReportController.m in Sources */ = {isa = PBXBuildFile; fileRef = 84384A3C0FB7BAD100D469DC /* ExpenseReportController.m */; };
		84384A3E0FB7BAD100D469DC /* ExpenseReportController.m in Sources */ = {isa = PBXBuildFile; fileRef = 84384A3C0FB7BAD100D469DC /* ExpenseReportController.m */; };
		846732E40FCA12A800B25652 /* SQLitePersistentObject+X.m in Sources */ = {isa = PBXBuildFile; fileRef = 846732E30FCA12A800B25652 /* SQLitePersistentObject+X.m */; };
		846732E50FCA12A800B25652 /* SQLitePersistentObject+X.m in Sources */ = {isa = PBXBuildFile; fileRef = 846732E30FCA12A800B25652 /* SQLitePersistentObject+X.m */; };
		8467343E0FCA2DE100B25652 /* NSObject+SBJSON.m in Sources */ = {isa = PBXBuildFile; fileRef = 846734330FCA2DE100B25652 /* NSObject+SBJSON.m */; };
		8467343F0FCA2DE100B25652 /* NSString+SBJSON.m in Sources */ = {isa = PBXBuildFile; fileRef = 846734350FCA2DE100B25652 /* NSString+SBJSON.m */; };
		846734400FCA2DE100B25652 /* SBJSON.m in Sources */ = {isa = PBXBuildFile; fileRef = 846734370FCA2DE100B25652 /* SBJSON.m */; };
		846734410FCA2DE100B25652 /* SBJsonBase.m in Sources */ = {isa = PBXBuildFile; fileRef = 846734390FCA2DE100B25652 /* SBJsonBase.m */; };
		846734420FCA2DE100B25652 /* SBJsonParser.m in Sources */ = {isa = PBXBuildFile; fileRef = 8467343B0FCA2DE100B25652 /* SBJsonParser.m */; };
		846734430FCA2DE100B25652 /* SBJsonWriter.m in Sources */ = {isa = PBXBuildFile; fileRef = 8467343D0FCA2DE100B25652 /* SBJsonWriter.m */; };
		846734440FCA2DE100B25652 /* NSObject+SBJSON.m in Sources */ = {isa = PBXBuildFile; fileRef = 846734330FCA2DE100B25652 /* NSObject+SBJSON.m */; };
		846734450FCA2DE100B25652 /* NSString+SBJSON.m in Sources */ = {isa = PBXBuildFile; fileRef = 846734350FCA2DE100B25652 /* NSString+SBJSON.m */; };
		846734460FCA2DE100B25652 /* SBJSON.m in Sources */ = {isa = PBXBuildFile; fileRef = 846734370FCA2DE100B25652 /* SBJSON.m */; };
		846734470FCA2DE100B25652 /* SBJsonBase.m in Sources */ = {isa = PBXBuildFile; fileRef = 846734390FCA2DE100B25652 /* SBJsonBase.m */; };
		846734480FCA2DE100B25652 /* SBJsonParser.m in Sources */ = {isa = PBXBuildFile; fileRef = 8467343B0FCA2DE100B25652 /* SBJsonParser.m */; };
		846734490FCA2DE100B25652 /* SBJsonWriter.m in Sources */ = {isa = PBXBuildFile; fileRef = 8467343D0FCA2DE100B25652 /* SBJsonWriter.m */; };
		846736FD0FCC7B0100B25652 /* ExpenseReport.yml in Resources */ = {isa = PBXBuildFile; fileRef = 846736FC0FCC7B0100B25652 /* ExpenseReport.yml */; };
		846736FE0FCC7B0100B25652 /* ExpenseReport.yml in Resources */ = {isa = PBXBuildFile; fileRef = 846736FC0FCC7B0100B25652 /* ExpenseReport.yml */; };
		8475C6F00FB4E6F700277D7B /* expenseWorks.db in Resources */ = {isa = PBXBuildFile; fileRef = 8475C6EF0FB4E6F700277D7B /* expenseWorks.db */; };
		8475C6F10FB4E6F700277D7B /* expenseWorks.db in Resources */ = {isa = PBXBuildFile; fileRef = 8475C6EF0FB4E6F700277D7B /* expenseWorks.db */; };
		8498AAE30FAE7E8D00DCD37B /* UIImage-SQLitePersistence.m in Sources */ = {isa = PBXBuildFile; fileRef = 8498AAC30FAE7E8D00DCD37B /* UIImage-SQLitePersistence.m */; };
		8498AAE40FAE7E8D00DCD37B /* UIColor-SQLitePersistentObject.m in Sources */ = {isa = PBXBuildFile; fileRef = 8498AAC50FAE7E8D00DCD37B /* UIColor-SQLitePersistentObject.m */; };
		8498AAE50FAE7E8D00DCD37B /* SQLitePersistentObject.m in Sources */ = {isa = PBXBuildFile; fileRef = 8498AAC70FAE7E8D00DCD37B /* SQLitePersistentObject.m */; };
		8498AAE60FAE7E8D00DCD37B /* SQLiteInstanceManager.m in Sources */ = {isa = PBXBuildFile; fileRef = 8498AAC90FAE7E8D00DCD37B /* SQLiteInstanceManager.m */; };
		8498AAE70FAE7E8D00DCD37B /* NSString-UppercaseFirst.m in Sources */ = {isa = PBXBuildFile; fileRef = 8498AACB0FAE7E8D00DCD37B /* NSString-UppercaseFirst.m */; };
		8498AAE80FAE7E8D00DCD37B /* NSString-SQLitePersistence.m in Sources */ = {isa = PBXBuildFile; fileRef = 8498AACD0FAE7E8D00DCD37B /* NSString-SQLitePersistence.m */; };
		8498AAE90FAE7E8D00DCD37B /* NSString-SQLiteColumnName.m in Sources */ = {isa = PBXBuildFile; fileRef = 8498AACF0FAE7E8D00DCD37B /* NSString-SQLiteColumnName.m */; };
		8498AAEA0FAE7E8D00DCD37B /* NSString-NumberStuff.m in Sources */ = {isa = PBXBuildFile; fileRef = 8498AAD10FAE7E8D00DCD37B /* NSString-NumberStuff.m */; };
		8498AAEB0FAE7E8D00DCD37B /* NSObject-SQLitePersistence.m in Sources */ = {isa = PBXBuildFile; fileRef = 8498AAD30FAE7E8D00DCD37B /* NSObject-SQLitePersistence.m */; };
		8498AAEC0FAE7E8D00DCD37B /* NSObject-MissingKV.m in Sources */ = {isa = PBXBuildFile; fileRef = 8498AAD50FAE7E8D00DCD37B /* NSObject-MissingKV.m */; };
		8498AAED0FAE7E8D00DCD37B /* NSObject-ClassName.m in Sources */ = {isa = PBXBuildFile; fileRef = 8498AAD70FAE7E8D00DCD37B /* NSObject-ClassName.m */; };
		8498AAEE0FAE7E8D00DCD37B /* NSNumber-SQLitePersistence.m in Sources */ = {isa = PBXBuildFile; fileRef = 8498AAD90FAE7E8D00DCD37B /* NSNumber-SQLitePersistence.m */; };
		8498AAEF0FAE7E8D00DCD37B /* NSMutableData-SQLitePersistence.m in Sources */ = {isa = PBXBuildFile; fileRef = 8498AADB0FAE7E8D00DCD37B /* NSMutableData-SQLitePersistence.m */; };
		8498AAF00FAE7E8D00DCD37B /* NSMutableArray-MultipleSort.m in Sources */ = {isa = PBXBuildFile; fileRef = 8498AADD0FAE7E8D00DCD37B /* NSMutableArray-MultipleSort.m */; };
		8498AAF10FAE7E8D00DCD37B /* NSDate-SQLitePersistence.m in Sources */ = {isa = PBXBuildFile; fileRef = 8498AADF0FAE7E8D00DCD37B /* NSDate-SQLitePersistence.m */; };
		8498AAF20FAE7E8D00DCD37B /* NSData-SQLitePersistence.m in Sources */ = {isa = PBXBuildFile; fileRef = 8498AAE10FAE7E8D00DCD37B /* NSData-SQLitePersistence.m */; };
		8498AAF30FAE7E8D00DCD37B /* UIImage-SQLitePersistence.m in Sources */ = {isa = PBXBuildFile; fileRef = 8498AAC30FAE7E8D00DCD37B /* UIImage-SQLitePersistence.m */; };
		8498AAF40FAE7E8D00DCD37B /* UIColor-SQLitePersistentObject.m in Sources */ = {isa = PBXBuildFile; fileRef = 8498AAC50FAE7E8D00DCD37B /* UIColor-SQLitePersistentObject.m */; };
		8498AAF50FAE7E8D00DCD37B /* SQLitePersistentObject.m in Sources */ = {isa = PBXBuildFile; fileRef = 8498AAC70FAE7E8D00DCD37B /* SQLitePersistentObject.m */; };
		8498AAF60FAE7E8D00DCD37B /* SQLiteInstanceManager.m in Sources */ = {isa = PBXBuildFile; fileRef = 8498AAC90FAE7E8D00DCD37B /* SQLiteInstanceManager.m */; };
		8498AAF70FAE7E8D00DCD37B /* NSString-UppercaseFirst.m in Sources */ = {isa = PBXBuildFile; fileRef = 8498AACB0FAE7E8D00DCD37B /* NSString-UppercaseFirst.m */; };
		8498AAF80FAE7E8D00DCD37B /* NSString-SQLitePersistence.m in Sources */ = {isa = PBXBuildFile; fileRef = 8498AACD0FAE7E8D00DCD37B /* NSString-SQLitePersistence.m */; };
		8498AAF90FAE7E8D00DCD37B /* NSString-SQLiteColumnName.m in Sources */ = {isa = PBXBuildFile; fileRef = 8498AACF0FAE7E8D00DCD37B /* NSString-SQLiteColumnName.m */; };
		8498AAFA0FAE7E8D00DCD37B /* NSString-NumberStuff.m in Sources */ = {isa = PBXBuildFile; fileRef = 8498AAD10FAE7E8D00DCD37B /* NSString-NumberStuff.m */; };
		8498AAFB0FAE7E8D00DCD37B /* NSObject-SQLitePersistence.m in Sources */ = {isa = PBXBuildFile; fileRef = 8498AAD30FAE7E8D00DCD37B /* NSObject-SQLitePersistence.m */; };
		8498AAFC0FAE7E8D00DCD37B /* NSObject-MissingKV.m in Sources */ = {isa = PBXBuildFile; fileRef = 8498AAD50FAE7E8D00DCD37B /* NSObject-MissingKV.m */; };
		8498AAFD0FAE7E8D00DCD37B /* NSObject-ClassName.m in Sources */ = {isa = PBXBuildFile; fileRef = 8498AAD70FAE7E8D00DCD37B /* NSObject-ClassName.m */; };
		8498AAFE0FAE7E8D00DCD37B /* NSNumber-SQLitePersistence.m in Sources */ = {isa = PBXBuildFile; fileRef = 8498AAD90FAE7E8D00DCD37B /* NSNumber-SQLitePersistence.m */; };
		8498AAFF0FAE7E8D00DCD37B /* NSMutableData-SQLitePersistence.m in Sources */ = {isa = PBXBuildFile; fileRef = 8498AADB0FAE7E8D00DCD37B /* NSMutableData-SQLitePersistence.m */; };
		8498AB000FAE7E8D00DCD37B /* NSMutableArray-MultipleSort.m in Sources */ = {isa = PBXBuildFile; fileRef = 8498AADD0FAE7E8D00DCD37B /* NSMutableArray-MultipleSort.m */; };
		8498AB010FAE7E8D00DCD37B /* NSDate-SQLitePersistence.m in Sources */ = {isa = PBXBuildFile; fileRef = 8498AADF0FAE7E8D00DCD37B /* NSDate-SQLitePersistence.m */; };
		8498AB020FAE7E8D00DCD37B /* NSData-SQLitePersistence.m in Sources */ = {isa = PBXBuildFile; fileRef = 8498AAE10FAE7E8D00DCD37B /* NSData-SQLitePersistence.m */; };
		8498AB050FAE7F4200DCD37B /* libsqlite3.0.dylib in Frameworks */ = {isa = PBXBuildFile; fileRef = 8498AB040FAE7F4200DCD37B /* libsqlite3.0.dylib */; };
		8498AB060FAE7F4200DCD37B /* libsqlite3.0.dylib in Frameworks */ = {isa = PBXBuildFile; fileRef = 8498AB040FAE7F4200DCD37B /* libsqlite3.0.dylib */; };
		84A538500FCD063500A934D6 /* ExpenseReportItem.yml in Resources */ = {isa = PBXBuildFile; fileRef = 84A5384F0FCD063500A934D6 /* ExpenseReportItem.yml */; };
		84A538510FCD063500A934D6 /* ExpenseReportItem.yml in Resources */ = {isa = PBXBuildFile; fileRef = 84A5384F0FCD063500A934D6 /* ExpenseReportItem.yml */; };
		84A538900FCD863E00A934D6 /* ExpenseType.yml in Resources */ = {isa = PBXBuildFile; fileRef = 84A5388F0FCD863E00A934D6 /* ExpenseType.yml */; };
		84A538910FCD863E00A934D6 /* ExpenseType.yml in Resources */ = {isa = PBXBuildFile; fileRef = 84A5388F0FCD863E00A934D6 /* ExpenseType.yml */; };
		84A538A90FCD898400A934D6 /* Vendor.yml in Resources */ = {isa = PBXBuildFile; fileRef = 84A538A80FCD898400A934D6 /* Vendor.yml */; };
		84A538AA0FCD898400A934D6 /* Vendor.yml in Resources */ = {isa = PBXBuildFile; fileRef = 84A538A80FCD898400A934D6 /* Vendor.yml */; };
		84A53C010FCF2B6F00A934D6 /* Currency.yml in Resources */ = {isa = PBXBuildFile; fileRef = 84A53C000FCF2B6F00A934D6 /* Currency.yml */; };
		84A53C020FCF2B6F00A934D6 /* Currency.yml in Resources */ = {isa = PBXBuildFile; fileRef = 84A53C000FCF2B6F00A934D6 /* Currency.yml */; };
		84A53FBB0FD3570800A934D6 /* Project.yml in Resources */ = {isa = PBXBuildFile; fileRef = 84A53FBA0FD3570800A934D6 /* Project.yml */; };
		84A53FBC0FD3570800A934D6 /* Project.yml in Resources */ = {isa = PBXBuildFile; fileRef = 84A53FBA0FD3570800A934D6 /* Project.yml */; };
		84A53FBE0FD3577700A934D6 /* Attendee.yml in Resources */ = {isa = PBXBuildFile; fileRef = 84A53FBD0FD3577700A934D6 /* Attendee.yml */; };
		84A53FBF0FD3577700A934D6 /* Attendee.yml in Resources */ = {isa = PBXBuildFile; fileRef = 84A53FBD0FD3577700A934D6 /* Attendee.yml */; };
		84A540CA0FD3666300A934D6 /* PaymentType.yml in Resources */ = {isa = PBXBuildFile; fileRef = 84A540C90FD3666300A934D6 /* PaymentType.yml */; };
		84A540CB0FD3666300A934D6 /* PaymentType.yml in Resources */ = {isa = PBXBuildFile; fileRef = 84A540C90FD3666300A934D6 /* PaymentType.yml */; };
		84AF32EF0FAEBBFC0074174A /* ExpenseReportItem.m in Sources */ = {isa = PBXBuildFile; fileRef = 84AF32EE0FAEBBFC0074174A /* ExpenseReportItem.m */; };
		84AF32F00FAEBBFC0074174A /* ExpenseReportItem.m in Sources */ = {isa = PBXBuildFile; fileRef = 84AF32EE0FAEBBFC0074174A /* ExpenseReportItem.m */; };
		84AF333C0FAEC1F10074174A /* ExpenseReport.m in Sources */ = {isa = PBXBuildFile; fileRef = 84AF333B0FAEC1F10074174A /* ExpenseReport.m */; };
		84AF333D0FAEC1F10074174A /* ExpenseReport.m in Sources */ = {isa = PBXBuildFile; fileRef = 84AF333B0FAEC1F10074174A /* ExpenseReport.m */; };
		84D0AA760FBDD8AA009105AA /* NewExpenseReportItemController.m in Sources */ = {isa = PBXBuildFile; fileRef = 84D0AA750FBDD8AA009105AA /* NewExpenseReportItemController.m */; };
		84D0AA770FBDD8AA009105AA /* NewExpenseReportItemController.m in Sources */ = {isa = PBXBuildFile; fileRef = 84D0AA750FBDD8AA009105AA /* NewExpenseReportItemController.m */; };
		84D0AAB00FBDDDCA009105AA /* NewExpenseReportItem.xib in Resources */ = {isa = PBXBuildFile; fileRef = 84D0AAAF0FBDDDCA009105AA /* NewExpenseReportItem.xib */; };
		84D0AAB10FBDDDCA009105AA /* NewExpenseReportItem.xib in Resources */ = {isa = PBXBuildFile; fileRef = 84D0AAAF0FBDDDCA009105AA /* NewExpenseReportItem.xib */; };
		84D0AAD30FBDE3C1009105AA /* ExpenseTypesController.m in Sources */ = {isa = PBXBuildFile; fileRef = 84D0AAD20FBDE3C1009105AA /* ExpenseTypesController.m */; };
		84D0AAD40FBDE3C1009105AA /* ExpenseTypesController.m in Sources */ = {isa = PBXBuildFile; fileRef = 84D0AAD20FBDE3C1009105AA /* ExpenseTypesController.m */; };
		84D0AAE30FBDF793009105AA /* ExpenseType.m in Sources */ = {isa = PBXBuildFile; fileRef = 84D0AAE10FBDF793009105AA /* ExpenseType.m */; };
		84D0AAE40FBDF793009105AA /* ExpenseType.m in Sources */ = {isa = PBXBuildFile; fileRef = 84D0AAE10FBDF793009105AA /* ExpenseType.m */; };
		84D9F48B0FBE300E0087185D /* Vendor.m in Sources */ = {isa = PBXBuildFile; fileRef = 84D9F4890FBE300E0087185D /* Vendor.m */; };
		84D9F48C0FBE300E0087185D /* Vendor.m in Sources */ = {isa = PBXBuildFile; fileRef = 84D9F4890FBE300E0087185D /* Vendor.m */; };
		A6613CB40F7676290090624B /* ToolbarController.m in Sources */ = {isa = PBXBuildFile; fileRef = A6613CB30F7676290090624B /* ToolbarController.m */; };
		A6613CBA0F767C0A0090624B /* RootViewController.m in Sources */ = {isa = PBXBuildFile; fileRef = A6613CB90F767C0A0090624B /* RootViewController.m */; };
/* End PBXBuildFile section */

/* Begin PBXCopyFilesBuildPhase section */
		8416A87E0FAE534800683EA9 /* Copy OCMock */ = {
			isa = PBXCopyFilesBuildPhase;
			buildActionMask = 2147483647;
			dstPath = "$(BUILT_PRODUCTS_DIR)";
			dstSubfolderSpec = 0;
			files = (
				8416A8840FAE556A00683EA9 /* OCMock.framework in Copy OCMock */,
			);
			name = "Copy OCMock";
			runOnlyForDeploymentPostprocessing = 0;
		};
/* End PBXCopyFilesBuildPhase section */

/* Begin PBXFileReference section */
		1D30AB110D05D00D00671497 /* Foundation.framework */ = {isa = PBXFileReference; lastKnownFileType = wrapper.framework; name = Foundation.framework; path = System/Library/Frameworks/Foundation.framework; sourceTree = SDKROOT; };
		1D3623240D0F684500981E51 /* ExpenseWorksAppDelegate.h */ = {isa = PBXFileReference; fileEncoding = 4; lastKnownFileType = sourcecode.c.h; path = ExpenseWorksAppDelegate.h; sourceTree = "<group>"; };
		1D3623250D0F684500981E51 /* ExpenseWorksAppDelegate.m */ = {isa = PBXFileReference; fileEncoding = 4; lastKnownFileType = sourcecode.c.objc; path = ExpenseWorksAppDelegate.m; sourceTree = "<group>"; };
		1D6058910D05DD3D006BFB54 /* ExpenseWorks.app */ = {isa = PBXFileReference; explicitFileType = wrapper.application; includeInIndex = 0; path = ExpenseWorks.app; sourceTree = BUILT_PRODUCTS_DIR; };
		1DF5F4DF0D08C38300B7A737 /* UIKit.framework */ = {isa = PBXFileReference; lastKnownFileType = wrapper.framework; name = UIKit.framework; path = System/Library/Frameworks/UIKit.framework; sourceTree = SDKROOT; };
		288765FC0DF74451002DB57D /* CoreGraphics.framework */ = {isa = PBXFileReference; lastKnownFileType = wrapper.framework; name = CoreGraphics.framework; path = System/Library/Frameworks/CoreGraphics.framework; sourceTree = SDKROOT; };
		28AD733E0D9D9553002E5188 /* MainWindow.xib */ = {isa = PBXFileReference; lastKnownFileType = file.xib; path = MainWindow.xib; sourceTree = "<group>"; };
		29B97316FDCFA39411CA2CEA /* main.m */ = {isa = PBXFileReference; fileEncoding = 4; lastKnownFileType = sourcecode.c.objc; path = main.m; sourceTree = "<group>"; };
		32CA4F630368D1EE00C91783 /* ExpenseWorks_Prefix.pch */ = {isa = PBXFileReference; fileEncoding = 4; lastKnownFileType = sourcecode.c.h; path = ExpenseWorks_Prefix.pch; sourceTree = "<group>"; };
		840C02CB0FC8C1EC00A7E2BD /* PaymentType.m */ = {isa = PBXFileReference; fileEncoding = 4; lastKnownFileType = sourcecode.c.objc; name = PaymentType.m; path = Models/PaymentType.m; sourceTree = "<group>"; };
		840C02CC0FC8C1EC00A7E2BD /* PaymentType.h */ = {isa = PBXFileReference; fileEncoding = 4; lastKnownFileType = sourcecode.c.h; name = PaymentType.h; path = Models/PaymentType.h; sourceTree = "<group>"; };
		840C02CF0FC8C34700A7E2BD /* Attendee.m */ = {isa = PBXFileReference; fileEncoding = 4; lastKnownFileType = sourcecode.c.objc; name = Attendee.m; path = Models/Attendee.m; sourceTree = "<group>"; };
		840C02D00FC8C34700A7E2BD /* Attendee.h */ = {isa = PBXFileReference; fileEncoding = 4; lastKnownFileType = sourcecode.c.h; name = Attendee.h; path = Models/Attendee.h; sourceTree = "<group>"; };
		840C02D10FC8C34700A7E2BD /* Project.m */ = {isa = PBXFileReference; fileEncoding = 4; lastKnownFileType = sourcecode.c.objc; name = Project.m; path = Models/Project.m; sourceTree = "<group>"; };
		840C02D20FC8C34700A7E2BD /* Project.h */ = {isa = PBXFileReference; fileEncoding = 4; lastKnownFileType = sourcecode.c.h; name = Project.h; path = Models/Project.h; sourceTree = "<group>"; };
		840C07620FC909C600A7E2BD /* XTriplet.m */ = {isa = PBXFileReference; fileEncoding = 4; lastKnownFileType = sourcecode.c.objc; path = XTriplet.m; sourceTree = "<group>"; };
		840C07630FC909C600A7E2BD /* XTriplet.h */ = {isa = PBXFileReference; fileEncoding = 4; lastKnownFileType = sourcecode.c.h; path = XTriplet.h; sourceTree = "<group>"; };
		840C07650FC909C600A7E2BD /* XTrampoline.m */ = {isa = PBXFileReference; fileEncoding = 4; lastKnownFileType = sourcecode.c.objc; path = XTrampoline.m; sourceTree = "<group>"; };
		840C07660FC909C600A7E2BD /* XTrampoline.h */ = {isa = PBXFileReference; fileEncoding = 4; lastKnownFileType = sourcecode.c.h; path = XTrampoline.h; sourceTree = "<group>"; };
		840C07680FC909C600A7E2BD /* XString.m */ = {isa = PBXFileReference; fileEncoding = 4; lastKnownFileType = sourcecode.c.objc; path = XString.m; sourceTree = "<group>"; };
		840C07690FC909C600A7E2BD /* XString.h */ = {isa = PBXFileReference; fileEncoding = 4; lastKnownFileType = sourcecode.c.h; path = XString.h; sourceTree = "<group>"; };
		840C076B0FC909C600A7E2BD /* XQuadruplet.m */ = {isa = PBXFileReference; fileEncoding = 4; lastKnownFileType = sourcecode.c.objc; path = XQuadruplet.m; sourceTree = "<group>"; };
		840C076C0FC909C600A7E2BD /* XQuadruplet.h */ = {isa = PBXFileReference; fileEncoding = 4; lastKnownFileType = sourcecode.c.h; path = XQuadruplet.h; sourceTree = "<group>"; };
		840C076E0FC909C600A7E2BD /* XObject.m */ = {isa = PBXFileReference; fileEncoding = 4; lastKnownFileType = sourcecode.c.objc; path = XObject.m; sourceTree = "<group>"; };
		840C076F0FC909C600A7E2BD /* XObject.h */ = {isa = PBXFileReference; fileEncoding = 4; lastKnownFileType = sourcecode.c.h; path = XObject.h; sourceTree = "<group>"; };
		840C07710FC909C600A7E2BD /* XMethod.m */ = {isa = PBXFileReference; fileEncoding = 4; lastKnownFileType = sourcecode.c.objc; path = XMethod.m; sourceTree = "<group>"; };
		840C07720FC909C600A7E2BD /* XMethod.h */ = {isa = PBXFileReference; fileEncoding = 4; lastKnownFileType = sourcecode.c.h; path = XMethod.h; sourceTree = "<group>"; };
		840C07740FC909C600A7E2BD /* XDoublet.m */ = {isa = PBXFileReference; fileEncoding = 4; lastKnownFileType = sourcecode.c.objc; path = XDoublet.m; sourceTree = "<group>"; };
		840C07750FC909C600A7E2BD /* XDoublet.h */ = {isa = PBXFileReference; fileEncoding = 4; lastKnownFileType = sourcecode.c.h; path = XDoublet.h; sourceTree = "<group>"; };
		840C07770FC909C600A7E2BD /* XCore.m */ = {isa = PBXFileReference; fileEncoding = 4; lastKnownFileType = sourcecode.c.objc; path = XCore.m; sourceTree = "<group>"; };
		840C07780FC909C600A7E2BD /* XCore.h */ = {isa = PBXFileReference; fileEncoding = 4; lastKnownFileType = sourcecode.c.h; path = XCore.h; sourceTree = "<group>"; };
		840C077A0FC909C600A7E2BD /* RegexKitLite.h */ = {isa = PBXFileReference; fileEncoding = 4; lastKnownFileType = sourcecode.c.h; path = RegexKitLite.h; sourceTree = "<group>"; };
		840C077B0FC909C600A7E2BD /* RegexKitLite.m */ = {isa = PBXFileReference; fileEncoding = 4; lastKnownFileType = sourcecode.c.objc; path = RegexKitLite.m; sourceTree = "<group>"; };
		840C077C0FC909C600A7E2BD /* Macros.h */ = {isa = PBXFileReference; fileEncoding = 4; lastKnownFileType = sourcecode.c.h; path = Macros.h; sourceTree = "<group>"; };
		840C077E0FC909C600A7E2BD /* XFile.d */ = {isa = PBXFileReference; fileEncoding = 4; lastKnownFileType = sourcecode.dtrace; path = XFile.d; sourceTree = "<group>"; };
		840C077F0FC909C600A7E2BD /* XFile.h */ = {isa = PBXFileReference; fileEncoding = 4; lastKnownFileType = sourcecode.c.h; path = XFile.h; sourceTree = "<group>"; };
		840C07800FC909C600A7E2BD /* XFile.m */ = {isa = PBXFileReference; fileEncoding = 4; lastKnownFileType = sourcecode.c.objc; path = XFile.m; sourceTree = "<group>"; };
		840C07810FC909C600A7E2BD /* XIo.h */ = {isa = PBXFileReference; fileEncoding = 4; lastKnownFileType = sourcecode.c.h; path = XIo.h; sourceTree = "<group>"; };
		840C07830FC909C600A7E2BD /* XImage.d */ = {isa = PBXFileReference; fileEncoding = 4; lastKnownFileType = sourcecode.dtrace; path = XImage.d; sourceTree = "<group>"; };
		840C07840FC909C600A7E2BD /* XImage.h */ = {isa = PBXFileReference; fileEncoding = 4; lastKnownFileType = sourcecode.c.h; path = XImage.h; sourceTree = "<group>"; };
		840C07850FC909C600A7E2BD /* XImage.m */ = {isa = PBXFileReference; fileEncoding = 4; lastKnownFileType = sourcecode.c.objc; path = XImage.m; sourceTree = "<group>"; };
		840C07860FC909C600A7E2BD /* FrameworkX.h */ = {isa = PBXFileReference; fileEncoding = 4; lastKnownFileType = sourcecode.c.h; path = FrameworkX.h; sourceTree = "<group>"; };
		840C07880FC909C600A7E2BD /* _XParameterSet.h */ = {isa = PBXFileReference; fileEncoding = 4; lastKnownFileType = sourcecode.c.h; path = _XParameterSet.h; sourceTree = "<group>"; };
		840C07890FC909C600A7E2BD /* _XParameterSet.m */ = {isa = PBXFileReference; fileEncoding = 4; lastKnownFileType = sourcecode.c.objc; path = _XParameterSet.m; sourceTree = "<group>"; };
		840C078A0FC909C600A7E2BD /* Extensions.h */ = {isa = PBXFileReference; fileEncoding = 4; lastKnownFileType = sourcecode.c.h; path = Extensions.h; sourceTree = "<group>"; };
		840C078C0FC909C600A7E2BD /* NSArray+X.h */ = {isa = PBXFileReference; fileEncoding = 4; lastKnownFileType = sourcecode.c.h; path = "NSArray+X.h"; sourceTree = "<group>"; };
		840C078D0FC909C600A7E2BD /* NSArray+X.m */ = {isa = PBXFileReference; fileEncoding = 4; lastKnownFileType = sourcecode.c.objc; path = "NSArray+X.m"; sourceTree = "<group>"; };
		840C078F0FC909C600A7E2BD /* NSData+X.h */ = {isa = PBXFileReference; fileEncoding = 4; lastKnownFileType = sourcecode.c.h; path = "NSData+X.h"; sourceTree = "<group>"; };
		840C07900FC909C600A7E2BD /* NSData+X.m */ = {isa = PBXFileReference; fileEncoding = 4; lastKnownFileType = sourcecode.c.objc; path = "NSData+X.m"; sourceTree = "<group>"; };
		840C07920FC909C600A7E2BD /* NSDate+X.h */ = {isa = PBXFileReference; fileEncoding = 4; lastKnownFileType = sourcecode.c.h; path = "NSDate+X.h"; sourceTree = "<group>"; };
		840C07930FC909C600A7E2BD /* NSDate+X.m */ = {isa = PBXFileReference; fileEncoding = 4; lastKnownFileType = sourcecode.c.objc; path = "NSDate+X.m"; sourceTree = "<group>"; };
		840C07950FC909C600A7E2BD /* NSDateFormatter+X.h */ = {isa = PBXFileReference; fileEncoding = 4; lastKnownFileType = sourcecode.c.h; path = "NSDateFormatter+X.h"; sourceTree = "<group>"; };
		840C07960FC909C600A7E2BD /* NSDateFormatter+X.m */ = {isa = PBXFileReference; fileEncoding = 4; lastKnownFileType = sourcecode.c.objc; path = "NSDateFormatter+X.m"; sourceTree = "<group>"; };
		840C07980FC909C600A7E2BD /* NSDictionary+X.h */ = {isa = PBXFileReference; fileEncoding = 4; lastKnownFileType = sourcecode.c.h; path = "NSDictionary+X.h"; sourceTree = "<group>"; };
		840C07990FC909C600A7E2BD /* NSDictionary+X.m */ = {isa = PBXFileReference; fileEncoding = 4; lastKnownFileType = sourcecode.c.objc; path = "NSDictionary+X.m"; sourceTree = "<group>"; };
		840C079B0FC909C600A7E2BD /* NSException+X.h */ = {isa = PBXFileReference; fileEncoding = 4; lastKnownFileType = sourcecode.c.h; path = "NSException+X.h"; sourceTree = "<group>"; };
		840C079C0FC909C600A7E2BD /* NSException+X.m */ = {isa = PBXFileReference; fileEncoding = 4; lastKnownFileType = sourcecode.c.objc; path = "NSException+X.m"; sourceTree = "<group>"; };
		840C079E0FC909C600A7E2BD /* NSFileManager+X.h */ = {isa = PBXFileReference; fileEncoding = 4; lastKnownFileType = sourcecode.c.h; path = "NSFileManager+X.h"; sourceTree = "<group>"; };
		840C079F0FC909C600A7E2BD /* NSFileManager+X.m */ = {isa = PBXFileReference; fileEncoding = 4; lastKnownFileType = sourcecode.c.objc; path = "NSFileManager+X.m"; sourceTree = "<group>"; };
		840C07A10FC909C600A7E2BD /* NSInvocation+X.h */ = {isa = PBXFileReference; fileEncoding = 4; lastKnownFileType = sourcecode.c.h; path = "NSInvocation+X.h"; sourceTree = "<group>"; };
		840C07A20FC909C600A7E2BD /* NSInvocation+X.m */ = {isa = PBXFileReference; fileEncoding = 4; lastKnownFileType = sourcecode.c.objc; path = "NSInvocation+X.m"; sourceTree = "<group>"; };
		840C07A40FC909C600A7E2BD /* NSMutableArray+X.h */ = {isa = PBXFileReference; fileEncoding = 4; lastKnownFileType = sourcecode.c.h; path = "NSMutableArray+X.h"; sourceTree = "<group>"; };
		840C07A50FC909C600A7E2BD /* NSMutableArray+X.m */ = {isa = PBXFileReference; fileEncoding = 4; lastKnownFileType = sourcecode.c.objc; path = "NSMutableArray+X.m"; sourceTree = "<group>"; };
		840C07A70FC909C600A7E2BD /* NSMutableDictionary+X.h */ = {isa = PBXFileReference; fileEncoding = 4; lastKnownFileType = sourcecode.c.h; path = "NSMutableDictionary+X.h"; sourceTree = "<group>"; };
		840C07A80FC909C600A7E2BD /* NSMutableDictionary+X.m */ = {isa = PBXFileReference; fileEncoding = 4; lastKnownFileType = sourcecode.c.objc; path = "NSMutableDictionary+X.m"; sourceTree = "<group>"; };
		840C07AA0FC909C600A7E2BD /* NSMutableString+X.h */ = {isa = PBXFileReference; fileEncoding = 4; lastKnownFileType = sourcecode.c.h; path = "NSMutableString+X.h"; sourceTree = "<group>"; };
		840C07AB0FC909C600A7E2BD /* NSMutableString+X.m */ = {isa = PBXFileReference; fileEncoding = 4; lastKnownFileType = sourcecode.c.objc; path = "NSMutableString+X.m"; sourceTree = "<group>"; };
		840C07AC0FC909C600A7E2BD /* NSNull+X.h */ = {isa = PBXFileReference; fileEncoding = 4; lastKnownFileType = sourcecode.c.h; path = "NSNull+X.h"; sourceTree = "<group>"; };
		840C07AE0FC909C600A7E2BD /* NSNumber+X.h */ = {isa = PBXFileReference; fileEncoding = 4; lastKnownFileType = sourcecode.c.h; path = "NSNumber+X.h"; sourceTree = "<group>"; };
		840C07AF0FC909C600A7E2BD /* NSNumber+X.m */ = {isa = PBXFileReference; fileEncoding = 4; lastKnownFileType = sourcecode.c.objc; path = "NSNumber+X.m"; sourceTree = "<group>"; };
		840C07B10FC909C600A7E2BD /* NSObject+X.h */ = {isa = PBXFileReference; fileEncoding = 4; lastKnownFileType = sourcecode.c.h; path = "NSObject+X.h"; sourceTree = "<group>"; };
		840C07B20FC909C600A7E2BD /* NSObject+X.m */ = {isa = PBXFileReference; fileEncoding = 4; lastKnownFileType = sourcecode.c.objc; path = "NSObject+X.m"; sourceTree = "<group>"; };
		840C07B40FC909C600A7E2BD /* NSString+X.h */ = {isa = PBXFileReference; fileEncoding = 4; lastKnownFileType = sourcecode.c.h; path = "NSString+X.h"; sourceTree = "<group>"; };
		840C07B50FC909C600A7E2BD /* NSString+X.m */ = {isa = PBXFileReference; fileEncoding = 4; lastKnownFileType = sourcecode.c.objc; path = "NSString+X.m"; sourceTree = "<group>"; };
		840C07B80FC909C600A7E2BD /* XArray.h */ = {isa = PBXFileReference; fileEncoding = 4; lastKnownFileType = sourcecode.c.h; path = XArray.h; sourceTree = "<group>"; };
		840C07B90FC909C600A7E2BD /* XArray.m */ = {isa = PBXFileReference; fileEncoding = 4; lastKnownFileType = sourcecode.c.objc; path = XArray.m; sourceTree = "<group>"; };
		840C07BA0FC909C600A7E2BD /* XCollections.h */ = {isa = PBXFileReference; fileEncoding = 4; lastKnownFileType = sourcecode.c.h; path = XCollections.h; sourceTree = "<group>"; };
		840C07BC0FC909C600A7E2BD /* XHash.h */ = {isa = PBXFileReference; fileEncoding = 4; lastKnownFileType = sourcecode.c.h; path = XHash.h; sourceTree = "<group>"; };
		840C07BD0FC909C600A7E2BD /* XHash.m */ = {isa = PBXFileReference; fileEncoding = 4; lastKnownFileType = sourcecode.c.objc; path = XHash.m; sourceTree = "<group>"; };
		840C08A20FC9ABDA00A7E2BD /* libicucore.dylib */ = {isa = PBXFileReference; lastKnownFileType = "compiled.mach-o.dylib"; name = libicucore.dylib; path = usr/lib/libicucore.dylib; sourceTree = SDKROOT; };
		840CFD850FC618BB00A7E2BD /* DownArrow24x24.png */ = {isa = PBXFileReference; lastKnownFileType = image.png; path = DownArrow24x24.png; sourceTree = "<group>"; };
		840CFE880FC719C100A7E2BD /* Currency.m */ = {isa = PBXFileReference; fileEncoding = 4; lastKnownFileType = sourcecode.c.objc; name = Currency.m; path = Models/Currency.m; sourceTree = "<group>"; };
		840CFE890FC719C100A7E2BD /* Currency.h */ = {isa = PBXFileReference; fileEncoding = 4; lastKnownFileType = sourcecode.c.h; name = Currency.h; path = Models/Currency.h; sourceTree = "<group>"; };
		8416A7E10FAE315500683EA9 /* UnitTest.app */ = {isa = PBXFileReference; explicitFileType = wrapper.application; includeInIndex = 0; path = UnitTest.app; sourceTree = BUILT_PRODUCTS_DIR; };
		8416A7E30FAE315500683EA9 /* UnitTest-Info.plist */ = {isa = PBXFileReference; lastKnownFileType = text.plist.xml; path = "UnitTest-Info.plist"; sourceTree = "<group>"; };
		8416A7E70FAE31EC00683EA9 /* GTMSenTestCase.m */ = {isa = PBXFileReference; fileEncoding = 4; lastKnownFileType = sourcecode.c.objc; path = GTMSenTestCase.m; sourceTree = "<group>"; };
		8416A7E80FAE31EC00683EA9 /* GTMSenTestCase.h */ = {isa = PBXFileReference; fileEncoding = 4; lastKnownFileType = sourcecode.c.h; path = GTMSenTestCase.h; sourceTree = "<group>"; };
		8416A7E90FAE31EC00683EA9 /* GTMIPhoneUnitTestMain.m */ = {isa = PBXFileReference; fileEncoding = 4; lastKnownFileType = sourcecode.c.objc; path = GTMIPhoneUnitTestMain.m; sourceTree = "<group>"; };
		8416A7EA0FAE31EC00683EA9 /* GTMIPhoneUnitTestDelegate.m */ = {isa = PBXFileReference; fileEncoding = 4; lastKnownFileType = sourcecode.c.objc; path = GTMIPhoneUnitTestDelegate.m; sourceTree = "<group>"; };
		8416A7EB0FAE31EC00683EA9 /* GTMIPhoneUnitTestDelegate.h */ = {isa = PBXFileReference; fileEncoding = 4; lastKnownFileType = sourcecode.c.h; path = GTMIPhoneUnitTestDelegate.h; sourceTree = "<group>"; };
		8416A7EF0FAE322D00683EA9 /* GTMDefines.h */ = {isa = PBXFileReference; fileEncoding = 4; lastKnownFileType = sourcecode.c.h; path = GTMDefines.h; sourceTree = "<group>"; };
		8416A8320FAE433A00683EA9 /* ExpenseWorksAppDelegateTest.m */ = {isa = PBXFileReference; fileEncoding = 4; lastKnownFileType = sourcecode.c.objc; path = ExpenseWorksAppDelegateTest.m; sourceTree = "<group>"; };
		8416A8780FAE532F00683EA9 /* OCMock.framework */ = {isa = PBXFileReference; lastKnownFileType = wrapper.framework; name = OCMock.framework; path = Frameworks/OCMock.framework; sourceTree = "<group>"; };
		84384A3B0FB7BAD100D469DC /* ExpenseReportController.h */ = {isa = PBXFileReference; fileEncoding = 4; lastKnownFileType = sourcecode.c.h; path = ExpenseReportController.h; sourceTree = "<group>"; };
		84384A3C0FB7BAD100D469DC /* ExpenseReportController.m */ = {isa = PBXFileReference; fileEncoding = 4; lastKnownFileType = sourcecode.c.objc; path = ExpenseReportController.m; sourceTree = "<group>"; };
		846732E20FCA12A800B25652 /* SQLitePersistentObject+X.h */ = {isa = PBXFileReference; fileEncoding = 4; lastKnownFileType = sourcecode.c.h; name = "SQLitePersistentObject+X.h"; path = "Models/SQLitePersistentObject+X.h"; sourceTree = "<group>"; };
		846732E30FCA12A800B25652 /* SQLitePersistentObject+X.m */ = {isa = PBXFileReference; fileEncoding = 4; lastKnownFileType = sourcecode.c.objc; name = "SQLitePersistentObject+X.m"; path = "Models/SQLitePersistentObject+X.m"; sourceTree = "<group>"; };
		846734310FCA2DE100B25652 /* JSON.h */ = {isa = PBXFileReference; fileEncoding = 4; lastKnownFileType = sourcecode.c.h; name = JSON.h; path = Json/JSON.h; sourceTree = "<group>"; };
		846734320FCA2DE100B25652 /* NSObject+SBJSON.h */ = {isa = PBXFileReference; fileEncoding = 4; lastKnownFileType = sourcecode.c.h; name = "NSObject+SBJSON.h"; path = "Json/NSObject+SBJSON.h"; sourceTree = "<group>"; };
		846734330FCA2DE100B25652 /* NSObject+SBJSON.m */ = {isa = PBXFileReference; fileEncoding = 4; lastKnownFileType = sourcecode.c.objc; name = "NSObject+SBJSON.m"; path = "Json/NSObject+SBJSON.m"; sourceTree = "<group>"; };
		846734340FCA2DE100B25652 /* NSString+SBJSON.h */ = {isa = PBXFileReference; fileEncoding = 4; lastKnownFileType = sourcecode.c.h; name = "NSString+SBJSON.h"; path = "Json/NSString+SBJSON.h"; sourceTree = "<group>"; };
		846734350FCA2DE100B25652 /* NSString+SBJSON.m */ = {isa = PBXFileReference; fileEncoding = 4; lastKnownFileType = sourcecode.c.objc; name = "NSString+SBJSON.m"; path = "Json/NSString+SBJSON.m"; sourceTree = "<group>"; };
		846734360FCA2DE100B25652 /* SBJSON.h */ = {isa = PBXFileReference; fileEncoding = 4; lastKnownFileType = sourcecode.c.h; name = SBJSON.h; path = Json/SBJSON.h; sourceTree = "<group>"; };
		846734370FCA2DE100B25652 /* SBJSON.m */ = {isa = PBXFileReference; fileEncoding = 4; lastKnownFileType = sourcecode.c.objc; name = SBJSON.m; path = Json/SBJSON.m; sourceTree = "<group>"; };
		846734380FCA2DE100B25652 /* SBJsonBase.h */ = {isa = PBXFileReference; fileEncoding = 4; lastKnownFileType = sourcecode.c.h; name = SBJsonBase.h; path = Json/SBJsonBase.h; sourceTree = "<group>"; };
		846734390FCA2DE100B25652 /* SBJsonBase.m */ = {isa = PBXFileReference; fileEncoding = 4; lastKnownFileType = sourcecode.c.objc; name = SBJsonBase.m; path = Json/SBJsonBase.m; sourceTree = "<group>"; };
		8467343A0FCA2DE100B25652 /* SBJsonParser.h */ = {isa = PBXFileReference; fileEncoding = 4; lastKnownFileType = sourcecode.c.h; name = SBJsonParser.h; path = Json/SBJsonParser.h; sourceTree = "<group>"; };
		8467343B0FCA2DE100B25652 /* SBJsonParser.m */ = {isa = PBXFileReference; fileEncoding = 4; lastKnownFileType = sourcecode.c.objc; name = SBJsonParser.m; path = Json/SBJsonParser.m; sourceTree = "<group>"; };
		8467343C0FCA2DE100B25652 /* SBJsonWriter.h */ = {isa = PBXFileReference; fileEncoding = 4; lastKnownFileType = sourcecode.c.h; name = SBJsonWriter.h; path = Json/SBJsonWriter.h; sourceTree = "<group>"; };
		8467343D0FCA2DE100B25652 /* SBJsonWriter.m */ = {isa = PBXFileReference; fileEncoding = 4; lastKnownFileType = sourcecode.c.objc; name = SBJsonWriter.m; path = Json/SBJsonWriter.m; sourceTree = "<group>"; };
		846736FC0FCC7B0100B25652 /* ExpenseReport.yml */ = {isa = PBXFileReference; fileEncoding = 4; lastKnownFileType = text; name = ExpenseReport.yml; path = Db/Fixtures/ExpenseReport.yml; sourceTree = "<group>"; };
		8475C6EF0FB4E6F700277D7B /* expenseWorks.db */ = {isa = PBXFileReference; lastKnownFileType = file; name = expenseWorks.db; path = Db/expenseWorks.db; sourceTree = "<group>"; };
		8498AAC30FAE7E8D00DCD37B /* UIImage-SQLitePersistence.m */ = {isa = PBXFileReference; fileEncoding = 4; lastKnownFileType = sourcecode.c.objc; name = "UIImage-SQLitePersistence.m"; path = "SqlitePersistentObjects/UIImage-SQLitePersistence.m"; sourceTree = "<group>"; };
		8498AAC40FAE7E8D00DCD37B /* UIImage-SQLitePersistence.h */ = {isa = PBXFileReference; fileEncoding = 4; lastKnownFileType = sourcecode.c.h; name = "UIImage-SQLitePersistence.h"; path = "SqlitePersistentObjects/UIImage-SQLitePersistence.h"; sourceTree = "<group>"; };
		8498AAC50FAE7E8D00DCD37B /* UIColor-SQLitePersistentObject.m */ = {isa = PBXFileReference; fileEncoding = 4; lastKnownFileType = sourcecode.c.objc; name = "UIColor-SQLitePersistentObject.m"; path = "SqlitePersistentObjects/UIColor-SQLitePersistentObject.m"; sourceTree = "<group>"; };
		8498AAC60FAE7E8D00DCD37B /* UIColor-SQLitePersistentObject.h */ = {isa = PBXFileReference; fileEncoding = 4; lastKnownFileType = sourcecode.c.h; name = "UIColor-SQLitePersistentObject.h"; path = "SqlitePersistentObjects/UIColor-SQLitePersistentObject.h"; sourceTree = "<group>"; };
		8498AAC70FAE7E8D00DCD37B /* SQLitePersistentObject.m */ = {isa = PBXFileReference; fileEncoding = 4; lastKnownFileType = sourcecode.c.objc; name = SQLitePersistentObject.m; path = SqlitePersistentObjects/SQLitePersistentObject.m; sourceTree = "<group>"; };
		8498AAC80FAE7E8D00DCD37B /* SQLitePersistentObject.h */ = {isa = PBXFileReference; fileEncoding = 4; lastKnownFileType = sourcecode.c.h; name = SQLitePersistentObject.h; path = SqlitePersistentObjects/SQLitePersistentObject.h; sourceTree = "<group>"; };
		8498AAC90FAE7E8D00DCD37B /* SQLiteInstanceManager.m */ = {isa = PBXFileReference; fileEncoding = 4; lastKnownFileType = sourcecode.c.objc; name = SQLiteInstanceManager.m; path = SqlitePersistentObjects/SQLiteInstanceManager.m; sourceTree = "<group>"; };
		8498AACA0FAE7E8D00DCD37B /* SQLiteInstanceManager.h */ = {isa = PBXFileReference; fileEncoding = 4; lastKnownFileType = sourcecode.c.h; name = SQLiteInstanceManager.h; path = SqlitePersistentObjects/SQLiteInstanceManager.h; sourceTree = "<group>"; };
		8498AACB0FAE7E8D00DCD37B /* NSString-UppercaseFirst.m */ = {isa = PBXFileReference; fileEncoding = 4; lastKnownFileType = sourcecode.c.objc; name = "NSString-UppercaseFirst.m"; path = "SqlitePersistentObjects/NSString-UppercaseFirst.m"; sourceTree = "<group>"; };
		8498AACC0FAE7E8D00DCD37B /* NSString-UppercaseFirst.h */ = {isa = PBXFileReference; fileEncoding = 4; lastKnownFileType = sourcecode.c.h; name = "NSString-UppercaseFirst.h"; path = "SqlitePersistentObjects/NSString-UppercaseFirst.h"; sourceTree = "<group>"; };
		8498AACD0FAE7E8D00DCD37B /* NSString-SQLitePersistence.m */ = {isa = PBXFileReference; fileEncoding = 4; lastKnownFileType = sourcecode.c.objc; name = "NSString-SQLitePersistence.m"; path = "SqlitePersistentObjects/NSString-SQLitePersistence.m"; sourceTree = "<group>"; };
		8498AACE0FAE7E8D00DCD37B /* NSString-SQLitePersistence.h */ = {isa = PBXFileReference; fileEncoding = 4; lastKnownFileType = sourcecode.c.h; name = "NSString-SQLitePersistence.h"; path = "SqlitePersistentObjects/NSString-SQLitePersistence.h"; sourceTree = "<group>"; };
		8498AACF0FAE7E8D00DCD37B /* NSString-SQLiteColumnName.m */ = {isa = PBXFileReference; fileEncoding = 4; lastKnownFileType = sourcecode.c.objc; name = "NSString-SQLiteColumnName.m"; path = "SqlitePersistentObjects/NSString-SQLiteColumnName.m"; sourceTree = "<group>"; };
		8498AAD00FAE7E8D00DCD37B /* NSString-SQLiteColumnName.h */ = {isa = PBXFileReference; fileEncoding = 4; lastKnownFileType = sourcecode.c.h; name = "NSString-SQLiteColumnName.h"; path = "SqlitePersistentObjects/NSString-SQLiteColumnName.h"; sourceTree = "<group>"; };
		8498AAD10FAE7E8D00DCD37B /* NSString-NumberStuff.m */ = {isa = PBXFileReference; fileEncoding = 4; lastKnownFileType = sourcecode.c.objc; name = "NSString-NumberStuff.m"; path = "SqlitePersistentObjects/NSString-NumberStuff.m"; sourceTree = "<group>"; };
		8498AAD20FAE7E8D00DCD37B /* NSString-NumberStuff.h */ = {isa = PBXFileReference; fileEncoding = 4; lastKnownFileType = sourcecode.c.h; name = "NSString-NumberStuff.h"; path = "SqlitePersistentObjects/NSString-NumberStuff.h"; sourceTree = "<group>"; };
		8498AAD30FAE7E8D00DCD37B /* NSObject-SQLitePersistence.m */ = {isa = PBXFileReference; fileEncoding = 4; lastKnownFileType = sourcecode.c.objc; name = "NSObject-SQLitePersistence.m"; path = "SqlitePersistentObjects/NSObject-SQLitePersistence.m"; sourceTree = "<group>"; };
		8498AAD40FAE7E8D00DCD37B /* NSObject-SQLitePersistence.h */ = {isa = PBXFileReference; fileEncoding = 4; lastKnownFileType = sourcecode.c.h; name = "NSObject-SQLitePersistence.h"; path = "SqlitePersistentObjects/NSObject-SQLitePersistence.h"; sourceTree = "<group>"; };
		8498AAD50FAE7E8D00DCD37B /* NSObject-MissingKV.m */ = {isa = PBXFileReference; fileEncoding = 4; lastKnownFileType = sourcecode.c.objc; name = "NSObject-MissingKV.m"; path = "SqlitePersistentObjects/NSObject-MissingKV.m"; sourceTree = "<group>"; };
		8498AAD60FAE7E8D00DCD37B /* NSObject-MissingKV.h */ = {isa = PBXFileReference; fileEncoding = 4; lastKnownFileType = sourcecode.c.h; name = "NSObject-MissingKV.h"; path = "SqlitePersistentObjects/NSObject-MissingKV.h"; sourceTree = "<group>"; };
		8498AAD70FAE7E8D00DCD37B /* NSObject-ClassName.m */ = {isa = PBXFileReference; fileEncoding = 4; lastKnownFileType = sourcecode.c.objc; name = "NSObject-ClassName.m"; path = "SqlitePersistentObjects/NSObject-ClassName.m"; sourceTree = "<group>"; };
		8498AAD80FAE7E8D00DCD37B /* NSObject-ClassName.h */ = {isa = PBXFileReference; fileEncoding = 4; lastKnownFileType = sourcecode.c.h; name = "NSObject-ClassName.h"; path = "SqlitePersistentObjects/NSObject-ClassName.h"; sourceTree = "<group>"; };
		8498AAD90FAE7E8D00DCD37B /* NSNumber-SQLitePersistence.m */ = {isa = PBXFileReference; fileEncoding = 4; lastKnownFileType = sourcecode.c.objc; name = "NSNumber-SQLitePersistence.m"; path = "SqlitePersistentObjects/NSNumber-SQLitePersistence.m"; sourceTree = "<group>"; };
		8498AADA0FAE7E8D00DCD37B /* NSNumber-SQLitePersistence.h */ = {isa = PBXFileReference; fileEncoding = 4; lastKnownFileType = sourcecode.c.h; name = "NSNumber-SQLitePersistence.h"; path = "SqlitePersistentObjects/NSNumber-SQLitePersistence.h"; sourceTree = "<group>"; };
		8498AADB0FAE7E8D00DCD37B /* NSMutableData-SQLitePersistence.m */ = {isa = PBXFileReference; fileEncoding = 4; lastKnownFileType = sourcecode.c.objc; name = "NSMutableData-SQLitePersistence.m"; path = "SqlitePersistentObjects/NSMutableData-SQLitePersistence.m"; sourceTree = "<group>"; };
		8498AADC0FAE7E8D00DCD37B /* NSMutableData-SQLitePersistence.h */ = {isa = PBXFileReference; fileEncoding = 4; lastKnownFileType = sourcecode.c.h; name = "NSMutableData-SQLitePersistence.h"; path = "SqlitePersistentObjects/NSMutableData-SQLitePersistence.h"; sourceTree = "<group>"; };
		8498AADD0FAE7E8D00DCD37B /* NSMutableArray-MultipleSort.m */ = {isa = PBXFileReference; fileEncoding = 4; lastKnownFileType = sourcecode.c.objc; name = "NSMutableArray-MultipleSort.m"; path = "SqlitePersistentObjects/NSMutableArray-MultipleSort.m"; sourceTree = "<group>"; };
		8498AADE0FAE7E8D00DCD37B /* NSMutableArray-MultipleSort.h */ = {isa = PBXFileReference; fileEncoding = 4; lastKnownFileType = sourcecode.c.h; name = "NSMutableArray-MultipleSort.h"; path = "SqlitePersistentObjects/NSMutableArray-MultipleSort.h"; sourceTree = "<group>"; };
		8498AADF0FAE7E8D00DCD37B /* NSDate-SQLitePersistence.m */ = {isa = PBXFileReference; fileEncoding = 4; lastKnownFileType = sourcecode.c.objc; name = "NSDate-SQLitePersistence.m"; path = "SqlitePersistentObjects/NSDate-SQLitePersistence.m"; sourceTree = "<group>"; };
		8498AAE00FAE7E8D00DCD37B /* NSDate-SQLitePersistence.h */ = {isa = PBXFileReference; fileEncoding = 4; lastKnownFileType = sourcecode.c.h; name = "NSDate-SQLitePersistence.h"; path = "SqlitePersistentObjects/NSDate-SQLitePersistence.h"; sourceTree = "<group>"; };
		8498AAE10FAE7E8D00DCD37B /* NSData-SQLitePersistence.m */ = {isa = PBXFileReference; fileEncoding = 4; lastKnownFileType = sourcecode.c.objc; name = "NSData-SQLitePersistence.m"; path = "SqlitePersistentObjects/NSData-SQLitePersistence.m"; sourceTree = "<group>"; };
		8498AAE20FAE7E8D00DCD37B /* NSData-SQLitePersistence.h */ = {isa = PBXFileReference; fileEncoding = 4; lastKnownFileType = sourcecode.c.h; name = "NSData-SQLitePersistence.h"; path = "SqlitePersistentObjects/NSData-SQLitePersistence.h"; sourceTree = "<group>"; };
		8498AB040FAE7F4200DCD37B /* libsqlite3.0.dylib */ = {isa = PBXFileReference; lastKnownFileType = "compiled.mach-o.dylib"; name = libsqlite3.0.dylib; path = usr/lib/libsqlite3.0.dylib; sourceTree = SDKROOT; };
		84A5384F0FCD063500A934D6 /* ExpenseReportItem.yml */ = {isa = PBXFileReference; fileEncoding = 4; lastKnownFileType = text; name = ExpenseReportItem.yml; path = Db/Fixtures/ExpenseReportItem.yml; sourceTree = "<group>"; };
		84A5388F0FCD863E00A934D6 /* ExpenseType.yml */ = {isa = PBXFileReference; fileEncoding = 4; lastKnownFileType = text; name = ExpenseType.yml; path = Db/Fixtures/ExpenseType.yml; sourceTree = "<group>"; };
		84A538A80FCD898400A934D6 /* Vendor.yml */ = {isa = PBXFileReference; fileEncoding = 4; lastKnownFileType = text; name = Vendor.yml; path = Db/Fixtures/Vendor.yml; sourceTree = "<group>"; };
		84A53C000FCF2B6F00A934D6 /* Currency.yml */ = {isa = PBXFileReference; fileEncoding = 4; lastKnownFileType = text; name = Currency.yml; path = Db/Fixtures/Currency.yml; sourceTree = "<group>"; };
		84A53FBA0FD3570800A934D6 /* Project.yml */ = {isa = PBXFileReference; fileEncoding = 4; lastKnownFileType = text; name = Project.yml; path = Db/Fixtures/Project.yml; sourceTree = "<group>"; };
		84A53FBD0FD3577700A934D6 /* Attendee.yml */ = {isa = PBXFileReference; fileEncoding = 4; lastKnownFileType = text; name = Attendee.yml; path = Db/Fixtures/Attendee.yml; sourceTree = "<group>"; };
		84A540C90FD3666300A934D6 /* PaymentType.yml */ = {isa = PBXFileReference; fileEncoding = 4; lastKnownFileType = text; name = PaymentType.yml; path = Db/Fixtures/PaymentType.yml; sourceTree = "<group>"; };
		84AF32C10FAEACC00074174A /* 001_create_tables */ = {isa = PBXFileReference; explicitFileType = text; fileEncoding = 4; name = 001_create_tables; path = Db/Migrate/001_create_tables; sourceTree = "<group>"; };
		84AF32ED0FAEBBFC0074174A /* ExpenseReportItem.h */ = {isa = PBXFileReference; fileEncoding = 4; lastKnownFileType = sourcecode.c.h; name = ExpenseReportItem.h; path = Models/ExpenseReportItem.h; sourceTree = "<group>"; };
		84AF32EE0FAEBBFC0074174A /* ExpenseReportItem.m */ = {isa = PBXFileReference; fileEncoding = 4; lastKnownFileType = sourcecode.c.objc; name = ExpenseReportItem.m; path = Models/ExpenseReportItem.m; sourceTree = "<group>"; };
		84AF333A0FAEC1F10074174A /* ExpenseReport.h */ = {isa = PBXFileReference; fileEncoding = 4; lastKnownFileType = sourcecode.c.h; name = ExpenseReport.h; path = Models/ExpenseReport.h; sourceTree = "<group>"; };
		84AF333B0FAEC1F10074174A /* ExpenseReport.m */ = {isa = PBXFileReference; fileEncoding = 4; lastKnownFileType = sourcecode.c.objc; name = ExpenseReport.m; path = Models/ExpenseReport.m; sourceTree = "<group>"; };
		84D0AA740FBDD8AA009105AA /* NewExpenseReportItemController.h */ = {isa = PBXFileReference; fileEncoding = 4; lastKnownFileType = sourcecode.c.h; path = NewExpenseReportItemController.h; sourceTree = "<group>"; };
		84D0AA750FBDD8AA009105AA /* NewExpenseReportItemController.m */ = {isa = PBXFileReference; fileEncoding = 4; lastKnownFileType = sourcecode.c.objc; path = NewExpenseReportItemController.m; sourceTree = "<group>"; };
		84D0AAAF0FBDDDCA009105AA /* NewExpenseReportItem.xib */ = {isa = PBXFileReference; lastKnownFileType = file.xib; path = NewExpenseReportItem.xib; sourceTree = "<group>"; };
		84D0AAD10FBDE3C1009105AA /* ExpenseTypesController.h */ = {isa = PBXFileReference; fileEncoding = 4; lastKnownFileType = sourcecode.c.h; path = ExpenseTypesController.h; sourceTree = "<group>"; };
		84D0AAD20FBDE3C1009105AA /* ExpenseTypesController.m */ = {isa = PBXFileReference; fileEncoding = 4; lastKnownFileType = sourcecode.c.objc; path = ExpenseTypesController.m; sourceTree = "<group>"; };
		84D0AAE10FBDF793009105AA /* ExpenseType.m */ = {isa = PBXFileReference; fileEncoding = 4; lastKnownFileType = sourcecode.c.objc; name = ExpenseType.m; path = Models/ExpenseType.m; sourceTree = "<group>"; };
		84D0AAE20FBDF793009105AA /* ExpenseType.h */ = {isa = PBXFileReference; fileEncoding = 4; lastKnownFileType = sourcecode.c.h; name = ExpenseType.h; path = Models/ExpenseType.h; sourceTree = "<group>"; };
		84D9F4890FBE300E0087185D /* Vendor.m */ = {isa = PBXFileReference; fileEncoding = 4; lastKnownFileType = sourcecode.c.objc; name = Vendor.m; path = Models/Vendor.m; sourceTree = "<group>"; };
		84D9F48A0FBE300E0087185D /* Vendor.h */ = {isa = PBXFileReference; fileEncoding = 4; lastKnownFileType = sourcecode.c.h; name = Vendor.h; path = Models/Vendor.h; sourceTree = "<group>"; };
		8D1107310486CEB800E47090 /* ExpenseWorks-Info.plist */ = {isa = PBXFileReference; fileEncoding = 4; lastKnownFileType = text.plist.xml; path = "ExpenseWorks-Info.plist"; plistStructureDefinitionIdentifier = "com.apple.xcode.plist.structure-definition.iphone.info-plist"; sourceTree = "<group>"; };
		A6613CB20F7676290090624B /* ToolbarController.h */ = {isa = PBXFileReference; fileEncoding = 4; lastKnownFileType = sourcecode.c.h; path = ToolbarController.h; sourceTree = "<group>"; };
		A6613CB30F7676290090624B /* ToolbarController.m */ = {isa = PBXFileReference; fileEncoding = 4; lastKnownFileType = sourcecode.c.objc; path = ToolbarController.m; sourceTree = "<group>"; };
		A6613CB80F767C0A0090624B /* RootViewController.h */ = {isa = PBXFileReference; fileEncoding = 4; lastKnownFileType = sourcecode.c.h; path = RootViewController.h; sourceTree = "<group>"; };
		A6613CB90F767C0A0090624B /* RootViewController.m */ = {isa = PBXFileReference; fileEncoding = 4; lastKnownFileType = sourcecode.c.objc; path = RootViewController.m; sourceTree = "<group>"; };
/* End PBXFileReference section */

/* Begin PBXFrameworksBuildPhase section */
		1D60588F0D05DD3D006BFB54 /* Frameworks */ = {
			isa = PBXFrameworksBuildPhase;
			buildActionMask = 2147483647;
			files = (
				1D60589F0D05DD5A006BFB54 /* Foundation.framework in Frameworks */,
				1DF5F4E00D08C38300B7A737 /* UIKit.framework in Frameworks */,
				288765FD0DF74451002DB57D /* CoreGraphics.framework in Frameworks */,
				8498AB060FAE7F4200DCD37B /* libsqlite3.0.dylib in Frameworks */,
				840C08A40FC9ABDA00A7E2BD /* libicucore.dylib in Frameworks */,
			);
			runOnlyForDeploymentPostprocessing = 0;
		};
		8416A7DF0FAE315500683EA9 /* Frameworks */ = {
			isa = PBXFrameworksBuildPhase;
			buildActionMask = 2147483647;
			files = (
				8416A8790FAE532F00683EA9 /* OCMock.framework in Frameworks */,
				8498AB050FAE7F4200DCD37B /* libsqlite3.0.dylib in Frameworks */,
				840C08A30FC9ABDA00A7E2BD /* libicucore.dylib in Frameworks */,
			);
			runOnlyForDeploymentPostprocessing = 0;
		};
/* End PBXFrameworksBuildPhase section */

/* Begin PBXGroup section */
		080E96DDFE201D6D7F000001 /* Controllers */ = {
			isa = PBXGroup;
			children = (
				1D3623240D0F684500981E51 /* ExpenseWorksAppDelegate.h */,
				1D3623250D0F684500981E51 /* ExpenseWorksAppDelegate.m */,
				A6613CB20F7676290090624B /* ToolbarController.h */,
				A6613CB30F7676290090624B /* ToolbarController.m */,
				A6613CB80F767C0A0090624B /* RootViewController.h */,
				A6613CB90F767C0A0090624B /* RootViewController.m */,
				84384A3B0FB7BAD100D469DC /* ExpenseReportController.h */,
				84384A3C0FB7BAD100D469DC /* ExpenseReportController.m */,
				84D0AA740FBDD8AA009105AA /* NewExpenseReportItemController.h */,
				84D0AA750FBDD8AA009105AA /* NewExpenseReportItemController.m */,
				84D0AAD10FBDE3C1009105AA /* ExpenseTypesController.h */,
				84D0AAD20FBDE3C1009105AA /* ExpenseTypesController.m */,
			);
			name = Controllers;
			path = Classes;
			sourceTree = "<group>";
		};
		19C28FACFE9D520D11CA2CBB /* Products */ = {
			isa = PBXGroup;
			children = (
				1D6058910D05DD3D006BFB54 /* ExpenseWorks.app */,
				8416A7E10FAE315500683EA9 /* UnitTest.app */,
			);
			name = Products;
			sourceTree = "<group>";
		};
		29B97314FDCFA39411CA2CEA /* CustomTemplate */ = {
			isa = PBXGroup;
			children = (
				846733790FCA22FD00B25652 /* Json */,
				840C07610FC9099700A7E2BD /* FxCore */,
				84AF32BE0FAEABD10074174A /* Db */,
				84AF32A90FAE940A0074174A /* Models */,
				8498AABD0FAE7E1300DCD37B /* SqlitePersistentObjects */,
				8416A7CD0FAE303400683EA9 /* GoogleToolbox */,
				080E96DDFE201D6D7F000001 /* Controllers */,
				29B97315FDCFA39411CA2CEA /* Other Sources */,
				8416A8140FAE398300683EA9 /* UnitTests */,
				29B97317FDCFA39411CA2CEA /* Resources */,
				29B97323FDCFA39411CA2CEA /* Frameworks */,
				19C28FACFE9D520D11CA2CBB /* Products */,
				8416A7E30FAE315500683EA9 /* UnitTest-Info.plist */,
			);
			name = CustomTemplate;
			sourceTree = "<group>";
		};
		29B97315FDCFA39411CA2CEA /* Other Sources */ = {
			isa = PBXGroup;
			children = (
				32CA4F630368D1EE00C91783 /* ExpenseWorks_Prefix.pch */,
				29B97316FDCFA39411CA2CEA /* main.m */,
			);
			name = "Other Sources";
			sourceTree = "<group>";
		};
		29B97317FDCFA39411CA2CEA /* Resources */ = {
			isa = PBXGroup;
			children = (
				840CFD850FC618BB00A7E2BD /* DownArrow24x24.png */,
				28AD733E0D9D9553002E5188 /* MainWindow.xib */,
				8D1107310486CEB800E47090 /* ExpenseWorks-Info.plist */,
				84D0AAAF0FBDDDCA009105AA /* NewExpenseReportItem.xib */,
			);
			name = Resources;
			sourceTree = "<group>";
		};
		29B97323FDCFA39411CA2CEA /* Frameworks */ = {
			isa = PBXGroup;
			children = (
				840C08A20FC9ABDA00A7E2BD /* libicucore.dylib */,
				8498AB040FAE7F4200DCD37B /* libsqlite3.0.dylib */,
				8416A8780FAE532F00683EA9 /* OCMock.framework */,
				1DF5F4DF0D08C38300B7A737 /* UIKit.framework */,
				1D30AB110D05D00D00671497 /* Foundation.framework */,
				288765FC0DF74451002DB57D /* CoreGraphics.framework */,
			);
			name = Frameworks;
			sourceTree = "<group>";
		};
		840C07610FC9099700A7E2BD /* FxCore */ = {
			isa = PBXGroup;
			children = (
				840C07620FC909C600A7E2BD /* XTriplet.m */,
				840C07630FC909C600A7E2BD /* XTriplet.h */,
				840C07650FC909C600A7E2BD /* XTrampoline.m */,
				840C07660FC909C600A7E2BD /* XTrampoline.h */,
				840C07680FC909C600A7E2BD /* XString.m */,
				840C07690FC909C600A7E2BD /* XString.h */,
				840C076B0FC909C600A7E2BD /* XQuadruplet.m */,
				840C076C0FC909C600A7E2BD /* XQuadruplet.h */,
				840C076E0FC909C600A7E2BD /* XObject.m */,
				840C076F0FC909C600A7E2BD /* XObject.h */,
				840C07710FC909C600A7E2BD /* XMethod.m */,
				840C07720FC909C600A7E2BD /* XMethod.h */,
				840C07740FC909C600A7E2BD /* XDoublet.m */,
				840C07750FC909C600A7E2BD /* XDoublet.h */,
				840C07770FC909C600A7E2BD /* XCore.m */,
				840C07780FC909C600A7E2BD /* XCore.h */,
				840C07790FC909C600A7E2BD /* reg_ex */,
				840C077C0FC909C600A7E2BD /* Macros.h */,
				840C077D0FC909C600A7E2BD /* io */,
				840C07820FC909C600A7E2BD /* images */,
				840C07860FC909C600A7E2BD /* FrameworkX.h */,
				840C07870FC909C600A7E2BD /* extensions */,
				840C07B60FC909C600A7E2BD /* collections */,
			);
			name = FxCore;
			sourceTree = "<group>";
		};
		840C07790FC909C600A7E2BD /* reg_ex */ = {
			isa = PBXGroup;
			children = (
				840C077A0FC909C600A7E2BD /* RegexKitLite.h */,
				840C077B0FC909C600A7E2BD /* RegexKitLite.m */,
			);
			path = reg_ex;
			sourceTree = "<group>";
		};
		840C077D0FC909C600A7E2BD /* io */ = {
			isa = PBXGroup;
			children = (
				840C077E0FC909C600A7E2BD /* XFile.d */,
				840C077F0FC909C600A7E2BD /* XFile.h */,
				840C07800FC909C600A7E2BD /* XFile.m */,
				840C07810FC909C600A7E2BD /* XIo.h */,
			);
			path = io;
			sourceTree = "<group>";
		};
		840C07820FC909C600A7E2BD /* images */ = {
			isa = PBXGroup;
			children = (
				840C07830FC909C600A7E2BD /* XImage.d */,
				840C07840FC909C600A7E2BD /* XImage.h */,
				840C07850FC909C600A7E2BD /* XImage.m */,
			);
			path = images;
			sourceTree = "<group>";
		};
		840C07870FC909C600A7E2BD /* extensions */ = {
			isa = PBXGroup;
			children = (
				840C07880FC909C600A7E2BD /* _XParameterSet.h */,
				840C07890FC909C600A7E2BD /* _XParameterSet.m */,
				840C078A0FC909C600A7E2BD /* Extensions.h */,
				840C078C0FC909C600A7E2BD /* NSArray+X.h */,
				840C078D0FC909C600A7E2BD /* NSArray+X.m */,
				840C078F0FC909C600A7E2BD /* NSData+X.h */,
				840C07900FC909C600A7E2BD /* NSData+X.m */,
				840C07920FC909C600A7E2BD /* NSDate+X.h */,
				840C07930FC909C600A7E2BD /* NSDate+X.m */,
				840C07950FC909C600A7E2BD /* NSDateFormatter+X.h */,
				840C07960FC909C600A7E2BD /* NSDateFormatter+X.m */,
				840C07980FC909C600A7E2BD /* NSDictionary+X.h */,
				840C07990FC909C600A7E2BD /* NSDictionary+X.m */,
				840C079B0FC909C600A7E2BD /* NSException+X.h */,
				840C079C0FC909C600A7E2BD /* NSException+X.m */,
				840C079E0FC909C600A7E2BD /* NSFileManager+X.h */,
				840C079F0FC909C600A7E2BD /* NSFileManager+X.m */,
				840C07A10FC909C600A7E2BD /* NSInvocation+X.h */,
				840C07A20FC909C600A7E2BD /* NSInvocation+X.m */,
				840C07A40FC909C600A7E2BD /* NSMutableArray+X.h */,
				840C07A50FC909C600A7E2BD /* NSMutableArray+X.m */,
				840C07A70FC909C600A7E2BD /* NSMutableDictionary+X.h */,
				840C07A80FC909C600A7E2BD /* NSMutableDictionary+X.m */,
				840C07AA0FC909C600A7E2BD /* NSMutableString+X.h */,
				840C07AB0FC909C600A7E2BD /* NSMutableString+X.m */,
				840C07AC0FC909C600A7E2BD /* NSNull+X.h */,
				840C07AE0FC909C600A7E2BD /* NSNumber+X.h */,
				840C07AF0FC909C600A7E2BD /* NSNumber+X.m */,
				840C07B10FC909C600A7E2BD /* NSObject+X.h */,
				840C07B20FC909C600A7E2BD /* NSObject+X.m */,
				840C07B40FC909C600A7E2BD /* NSString+X.h */,
				840C07B50FC909C600A7E2BD /* NSString+X.m */,
			);
			path = extensions;
			sourceTree = "<group>";
		};
		840C07B60FC909C600A7E2BD /* collections */ = {
			isa = PBXGroup;
			children = (
				840C07B80FC909C600A7E2BD /* XArray.h */,
				840C07B90FC909C600A7E2BD /* XArray.m */,
				840C07BA0FC909C600A7E2BD /* XCollections.h */,
				840C07BC0FC909C600A7E2BD /* XHash.h */,
				840C07BD0FC909C600A7E2BD /* XHash.m */,
			);
			path = collections;
			sourceTree = "<group>";
		};
		8416A7CD0FAE303400683EA9 /* GoogleToolbox */ = {
			isa = PBXGroup;
			children = (
				8416A7EF0FAE322D00683EA9 /* GTMDefines.h */,
				8416A7E70FAE31EC00683EA9 /* GTMSenTestCase.m */,
				8416A7E80FAE31EC00683EA9 /* GTMSenTestCase.h */,
				8416A7E90FAE31EC00683EA9 /* GTMIPhoneUnitTestMain.m */,
				8416A7EA0FAE31EC00683EA9 /* GTMIPhoneUnitTestDelegate.m */,
				8416A7EB0FAE31EC00683EA9 /* GTMIPhoneUnitTestDelegate.h */,
			);
			name = GoogleToolbox;
			sourceTree = "<group>";
		};
		8416A8140FAE398300683EA9 /* UnitTests */ = {
			isa = PBXGroup;
			children = (
				8416A8320FAE433A00683EA9 /* ExpenseWorksAppDelegateTest.m */,
			);
			name = UnitTests;
			sourceTree = "<group>";
		};
		846733790FCA22FD00B25652 /* Json */ = {
			isa = PBXGroup;
			children = (
				846734310FCA2DE100B25652 /* JSON.h */,
				846734320FCA2DE100B25652 /* NSObject+SBJSON.h */,
				846734330FCA2DE100B25652 /* NSObject+SBJSON.m */,
				846734340FCA2DE100B25652 /* NSString+SBJSON.h */,
				846734350FCA2DE100B25652 /* NSString+SBJSON.m */,
				846734360FCA2DE100B25652 /* SBJSON.h */,
				846734370FCA2DE100B25652 /* SBJSON.m */,
				846734380FCA2DE100B25652 /* SBJsonBase.h */,
				846734390FCA2DE100B25652 /* SBJsonBase.m */,
				8467343A0FCA2DE100B25652 /* SBJsonParser.h */,
				8467343B0FCA2DE100B25652 /* SBJsonParser.m */,
				8467343C0FCA2DE100B25652 /* SBJsonWriter.h */,
				8467343D0FCA2DE100B25652 /* SBJsonWriter.m */,
			);
			name = Json;
			sourceTree = "<group>";
		};
		846736F90FCC7AC200B25652 /* Fixtures */ = {
			isa = PBXGroup;
			children = (
				846736FC0FCC7B0100B25652 /* ExpenseReport.yml */,
				84A5384F0FCD063500A934D6 /* ExpenseReportItem.yml */,
				84A5388F0FCD863E00A934D6 /* ExpenseType.yml */,
				84A538A80FCD898400A934D6 /* Vendor.yml */,
				84A53C000FCF2B6F00A934D6 /* Currency.yml */,
				84A540C90FD3666300A934D6 /* PaymentType.yml */,
				84A53FBA0FD3570800A934D6 /* Project.yml */,
				84A53FBD0FD3577700A934D6 /* Attendee.yml */,
			);
			name = Fixtures;
			sourceTree = "<group>";
		};
		8498AABD0FAE7E1300DCD37B /* SqlitePersistentObjects */ = {
			isa = PBXGroup;
			children = (
				8498AAC30FAE7E8D00DCD37B /* UIImage-SQLitePersistence.m */,
				8498AAC40FAE7E8D00DCD37B /* UIImage-SQLitePersistence.h */,
				8498AAC50FAE7E8D00DCD37B /* UIColor-SQLitePersistentObject.m */,
				8498AAC60FAE7E8D00DCD37B /* UIColor-SQLitePersistentObject.h */,
				8498AAC70FAE7E8D00DCD37B /* SQLitePersistentObject.m */,
				8498AAC80FAE7E8D00DCD37B /* SQLitePersistentObject.h */,
				8498AAC90FAE7E8D00DCD37B /* SQLiteInstanceManager.m */,
				8498AACA0FAE7E8D00DCD37B /* SQLiteInstanceManager.h */,
				8498AACB0FAE7E8D00DCD37B /* NSString-UppercaseFirst.m */,
				8498AACC0FAE7E8D00DCD37B /* NSString-UppercaseFirst.h */,
				8498AACD0FAE7E8D00DCD37B /* NSString-SQLitePersistence.m */,
				8498AACE0FAE7E8D00DCD37B /* NSString-SQLitePersistence.h */,
				8498AACF0FAE7E8D00DCD37B /* NSString-SQLiteColumnName.m */,
				8498AAD00FAE7E8D00DCD37B /* NSString-SQLiteColumnName.h */,
				8498AAD10FAE7E8D00DCD37B /* NSString-NumberStuff.m */,
				8498AAD20FAE7E8D00DCD37B /* NSString-NumberStuff.h */,
				8498AAD30FAE7E8D00DCD37B /* NSObject-SQLitePersistence.m */,
				8498AAD40FAE7E8D00DCD37B /* NSObject-SQLitePersistence.h */,
				8498AAD50FAE7E8D00DCD37B /* NSObject-MissingKV.m */,
				8498AAD60FAE7E8D00DCD37B /* NSObject-MissingKV.h */,
				8498AAD70FAE7E8D00DCD37B /* NSObject-ClassName.m */,
				8498AAD80FAE7E8D00DCD37B /* NSObject-ClassName.h */,
				8498AAD90FAE7E8D00DCD37B /* NSNumber-SQLitePersistence.m */,
				8498AADA0FAE7E8D00DCD37B /* NSNumber-SQLitePersistence.h */,
				8498AADB0FAE7E8D00DCD37B /* NSMutableData-SQLitePersistence.m */,
				8498AADC0FAE7E8D00DCD37B /* NSMutableData-SQLitePersistence.h */,
				8498AADD0FAE7E8D00DCD37B /* NSMutableArray-MultipleSort.m */,
				8498AADE0FAE7E8D00DCD37B /* NSMutableArray-MultipleSort.h */,
				8498AADF0FAE7E8D00DCD37B /* NSDate-SQLitePersistence.m */,
				8498AAE00FAE7E8D00DCD37B /* NSDate-SQLitePersistence.h */,
				8498AAE10FAE7E8D00DCD37B /* NSData-SQLitePersistence.m */,
				8498AAE20FAE7E8D00DCD37B /* NSData-SQLitePersistence.h */,
			);
			name = SqlitePersistentObjects;
			sourceTree = "<group>";
		};
		84AF32A90FAE940A0074174A /* Models */ = {
			isa = PBXGroup;
			children = (
				840C02CF0FC8C34700A7E2BD /* Attendee.m */,
				840C02D00FC8C34700A7E2BD /* Attendee.h */,
				840CFE880FC719C100A7E2BD /* Currency.m */,
				840CFE890FC719C100A7E2BD /* Currency.h */,
				840C02D10FC8C34700A7E2BD /* Project.m */,
				840C02D20FC8C34700A7E2BD /* Project.h */,
				840C02CB0FC8C1EC00A7E2BD /* PaymentType.m */,
				840C02CC0FC8C1EC00A7E2BD /* PaymentType.h */,
				84D9F4890FBE300E0087185D /* Vendor.m */,
				84D9F48A0FBE300E0087185D /* Vendor.h */,
				84D0AAE10FBDF793009105AA /* ExpenseType.m */,
				84D0AAE20FBDF793009105AA /* ExpenseType.h */,
				84AF32ED0FAEBBFC0074174A /* ExpenseReportItem.h */,
				84AF32EE0FAEBBFC0074174A /* ExpenseReportItem.m */,
				84AF333A0FAEC1F10074174A /* ExpenseReport.h */,
				84AF333B0FAEC1F10074174A /* ExpenseReport.m */,
				846732E20FCA12A800B25652 /* SQLitePersistentObject+X.h */,
				846732E30FCA12A800B25652 /* SQLitePersistentObject+X.m */,
			);
			name = Models;
			sourceTree = "<group>";
		};
		84AF32BE0FAEABD10074174A /* Db */ = {
			isa = PBXGroup;
			children = (
				846736F90FCC7AC200B25652 /* Fixtures */,
				8475C6EF0FB4E6F700277D7B /* expenseWorks.db */,
				84AF32C00FAEAC800074174A /* Migrate */,
			);
			name = Db;
			sourceTree = "<group>";
		};
		84AF32C00FAEAC800074174A /* Migrate */ = {
			isa = PBXGroup;
			children = (
				84AF32C10FAEACC00074174A /* 001_create_tables */,
			);
			name = Migrate;
			sourceTree = "<group>";
		};
/* End PBXGroup section */

/* Begin PBXNativeTarget section */
		1D6058900D05DD3D006BFB54 /* ExpenseWorks */ = {
			isa = PBXNativeTarget;
			buildConfigurationList = 1D6058960D05DD3E006BFB54 /* Build configuration list for PBXNativeTarget "ExpenseWorks" */;
			buildPhases = (
				1D60588D0D05DD3D006BFB54 /* Resources */,
				1D60588E0D05DD3D006BFB54 /* Sources */,
				1D60588F0D05DD3D006BFB54 /* Frameworks */,
			);
			buildRules = (
			);
			dependencies = (
			);
			name = ExpenseWorks;
			productName = ExpenseWorks;
			productReference = 1D6058910D05DD3D006BFB54 /* ExpenseWorks.app */;
			productType = "com.apple.product-type.application";
		};
		8416A7E00FAE315500683EA9 /* UnitTest */ = {
			isa = PBXNativeTarget;
			buildConfigurationList = 8416A7E60FAE315600683EA9 /* Build configuration list for PBXNativeTarget "UnitTest" */;
			buildPhases = (
				8416A7DD0FAE315500683EA9 /* Resources */,
				8416A7DE0FAE315500683EA9 /* Sources */,
				8416A87E0FAE534800683EA9 /* Copy OCMock */,
				8416A7DF0FAE315500683EA9 /* Frameworks */,
				8416A7FE0FAE331200683EA9 /* ShellScript */,
			);
			buildRules = (
			);
			dependencies = (
			);
			name = UnitTest;
			productName = UnitTest;
			productReference = 8416A7E10FAE315500683EA9 /* UnitTest.app */;
			productType = "com.apple.product-type.application";
		};
/* End PBXNativeTarget section */

/* Begin PBXProject section */
		29B97313FDCFA39411CA2CEA /* Project object */ = {
			isa = PBXProject;
			buildConfigurationList = C01FCF4E08A954540054247B /* Build configuration list for PBXProject "ExpenseWorks" */;
			compatibilityVersion = "Xcode 3.1";
			hasScannedForEncodings = 1;
			mainGroup = 29B97314FDCFA39411CA2CEA /* CustomTemplate */;
			projectDirPath = "";
			projectRoot = "";
			targets = (
				1D6058900D05DD3D006BFB54 /* ExpenseWorks */,
				8416A7E00FAE315500683EA9 /* UnitTest */,
			);
		};
/* End PBXProject section */

/* Begin PBXResourcesBuildPhase section */
		1D60588D0D05DD3D006BFB54 /* Resources */ = {
			isa = PBXResourcesBuildPhase;
			buildActionMask = 2147483647;
			files = (
				28AD733F0D9D9553002E5188 /* MainWindow.xib in Resources */,
				8475C6F00FB4E6F700277D7B /* expenseWorks.db in Resources */,
				84D0AAB00FBDDDCA009105AA /* NewExpenseReportItem.xib in Resources */,
				840CFD870FC618BB00A7E2BD /* DownArrow24x24.png in Resources */,
				846736FE0FCC7B0100B25652 /* ExpenseReport.yml in Resources */,
				84A538510FCD063500A934D6 /* ExpenseReportItem.yml in Resources */,
				84A538910FCD863E00A934D6 /* ExpenseType.yml in Resources */,
				84A538AA0FCD898400A934D6 /* Vendor.yml in Resources */,
				84A53C020FCF2B6F00A934D6 /* Currency.yml in Resources */,
				84A53FBB0FD3570800A934D6 /* Project.yml in Resources */,
				84A53FBE0FD3577700A934D6 /* Attendee.yml in Resources */,
				84A540CA0FD3666300A934D6 /* PaymentType.yml in Resources */,
			);
			runOnlyForDeploymentPostprocessing = 0;
		};
		8416A7DD0FAE315500683EA9 /* Resources */ = {
			isa = PBXResourcesBuildPhase;
			buildActionMask = 2147483647;
			files = (
				8475C6F10FB4E6F700277D7B /* expenseWorks.db in Resources */,
				84D0AAB10FBDDDCA009105AA /* NewExpenseReportItem.xib in Resources */,
				840CFD860FC618BB00A7E2BD /* DownArrow24x24.png in Resources */,
				846736FD0FCC7B0100B25652 /* ExpenseReport.yml in Resources */,
				84A538500FCD063500A934D6 /* ExpenseReportItem.yml in Resources */,
				84A538900FCD863E00A934D6 /* ExpenseType.yml in Resources */,
				84A538A90FCD898400A934D6 /* Vendor.yml in Resources */,
				84A53C010FCF2B6F00A934D6 /* Currency.yml in Resources */,
				84A53FBC0FD3570800A934D6 /* Project.yml in Resources */,
				84A53FBF0FD3577700A934D6 /* Attendee.yml in Resources */,
				84A540CB0FD3666300A934D6 /* PaymentType.yml in Resources */,
			);
			runOnlyForDeploymentPostprocessing = 0;
		};
/* End PBXResourcesBuildPhase section */

/* Begin PBXShellScriptBuildPhase section */
		8416A7FE0FAE331200683EA9 /* ShellScript */ = {
			isa = PBXShellScriptBuildPhase;
			buildActionMask = 2147483647;
			files = (
			);
			inputPaths = (
			);
			outputPaths = (
			);
			runOnlyForDeploymentPostprocessing = 0;
			shellPath = /bin/sh;
			shellScript = /Users/admin/projects/CocoApps/ExpenseWorks/RunIPhoneUnitTest.sh;
		};
/* End PBXShellScriptBuildPhase section */

/* Begin PBXSourcesBuildPhase section */
		1D60588E0D05DD3D006BFB54 /* Sources */ = {
			isa = PBXSourcesBuildPhase;
			buildActionMask = 2147483647;
			files = (
				1D60589B0D05DD56006BFB54 /* main.m in Sources */,
				1D3623260D0F684500981E51 /* ExpenseWorksAppDelegate.m in Sources */,
				A6613CB40F7676290090624B /* ToolbarController.m in Sources */,
				A6613CBA0F767C0A0090624B /* RootViewController.m in Sources */,
				8498AAF30FAE7E8D00DCD37B /* UIImage-SQLitePersistence.m in Sources */,
				8498AAF40FAE7E8D00DCD37B /* UIColor-SQLitePersistentObject.m in Sources */,
				8498AAF50FAE7E8D00DCD37B /* SQLitePersistentObject.m in Sources */,
				8498AAF60FAE7E8D00DCD37B /* SQLiteInstanceManager.m in Sources */,
				8498AAF70FAE7E8D00DCD37B /* NSString-UppercaseFirst.m in Sources */,
				8498AAF80FAE7E8D00DCD37B /* NSString-SQLitePersistence.m in Sources */,
				8498AAF90FAE7E8D00DCD37B /* NSString-SQLiteColumnName.m in Sources */,
				8498AAFA0FAE7E8D00DCD37B /* NSString-NumberStuff.m in Sources */,
				8498AAFB0FAE7E8D00DCD37B /* NSObject-SQLitePersistence.m in Sources */,
				8498AAFC0FAE7E8D00DCD37B /* NSObject-MissingKV.m in Sources */,
				8498AAFD0FAE7E8D00DCD37B /* NSObject-ClassName.m in Sources */,
				8498AAFE0FAE7E8D00DCD37B /* NSNumber-SQLitePersistence.m in Sources */,
				8498AAFF0FAE7E8D00DCD37B /* NSMutableData-SQLitePersistence.m in Sources */,
				8498AB000FAE7E8D00DCD37B /* NSMutableArray-MultipleSort.m in Sources */,
				8498AB010FAE7E8D00DCD37B /* NSDate-SQLitePersistence.m in Sources */,
				8498AB020FAE7E8D00DCD37B /* NSData-SQLitePersistence.m in Sources */,
				84AF32EF0FAEBBFC0074174A /* ExpenseReportItem.m in Sources */,
				84AF333C0FAEC1F10074174A /* ExpenseReport.m in Sources */,
				84384A3E0FB7BAD100D469DC /* ExpenseReportController.m in Sources */,
				84D0AA770FBDD8AA009105AA /* NewExpenseReportItemController.m in Sources */,
				84D0AAD40FBDE3C1009105AA /* ExpenseTypesController.m in Sources */,
				84D0AAE40FBDF793009105AA /* ExpenseType.m in Sources */,
				84D9F48C0FBE300E0087185D /* Vendor.m in Sources */,
				840CFE8B0FC719C100A7E2BD /* Currency.m in Sources */,
				840C02CE0FC8C1EC00A7E2BD /* PaymentType.m in Sources */,
				840C02D50FC8C34700A7E2BD /* Attendee.m in Sources */,
				840C02D60FC8C34700A7E2BD /* Project.m in Sources */,
				840C07F30FC909C600A7E2BD /* XTriplet.m in Sources */,
				840C07F50FC909C600A7E2BD /* XTrampoline.m in Sources */,
				840C07F70FC909C600A7E2BD /* XString.m in Sources */,
				840C07F90FC909C600A7E2BD /* XQuadruplet.m in Sources */,
				840C07FB0FC909C600A7E2BD /* XObject.m in Sources */,
				840C07FD0FC909C600A7E2BD /* XMethod.m in Sources */,
				840C07FF0FC909C600A7E2BD /* XDoublet.m in Sources */,
				840C08010FC909C600A7E2BD /* XCore.m in Sources */,
				840C08020FC909C600A7E2BD /* RegexKitLite.m in Sources */,
				840C08030FC909C600A7E2BD /* XFile.d in Sources */,
				840C08040FC909C600A7E2BD /* XFile.m in Sources */,
				840C08050FC909C600A7E2BD /* XImage.d in Sources */,
				840C08060FC909C600A7E2BD /* XImage.m in Sources */,
				840C08070FC909C600A7E2BD /* _XParameterSet.m in Sources */,
				840C08090FC909C600A7E2BD /* NSArray+X.m in Sources */,
				840C080B0FC909C600A7E2BD /* NSData+X.m in Sources */,
				840C080D0FC909C600A7E2BD /* NSDate+X.m in Sources */,
				840C080F0FC909C600A7E2BD /* NSDateFormatter+X.m in Sources */,
				840C08110FC909C600A7E2BD /* NSDictionary+X.m in Sources */,
				840C08130FC909C600A7E2BD /* NSException+X.m in Sources */,
				840C08150FC909C600A7E2BD /* NSFileManager+X.m in Sources */,
				840C08170FC909C600A7E2BD /* NSInvocation+X.m in Sources */,
				840C08190FC909C600A7E2BD /* NSMutableArray+X.m in Sources */,
				840C081B0FC909C600A7E2BD /* NSMutableDictionary+X.m in Sources */,
				840C081D0FC909C600A7E2BD /* NSMutableString+X.m in Sources */,
				840C081F0FC909C600A7E2BD /* NSNumber+X.m in Sources */,
				840C08210FC909C600A7E2BD /* NSObject+X.m in Sources */,
				840C08230FC909C600A7E2BD /* NSString+X.m in Sources */,
				840C08250FC909C600A7E2BD /* XArray.m in Sources */,
				840C08270FC909C600A7E2BD /* XHash.m in Sources */,
				846732E40FCA12A800B25652 /* SQLitePersistentObject+X.m in Sources */,
				846734440FCA2DE100B25652 /* NSObject+SBJSON.m in Sources */,
				846734450FCA2DE100B25652 /* NSString+SBJSON.m in Sources */,
				846734460FCA2DE100B25652 /* SBJSON.m in Sources */,
				846734470FCA2DE100B25652 /* SBJsonBase.m in Sources */,
				846734480FCA2DE100B25652 /* SBJsonParser.m in Sources */,
				846734490FCA2DE100B25652 /* SBJsonWriter.m in Sources */,
			);
			runOnlyForDeploymentPostprocessing = 0;
		};
		8416A7DE0FAE315500683EA9 /* Sources */ = {
			isa = PBXSourcesBuildPhase;
			buildActionMask = 2147483647;
			files = (
				8416A7EC0FAE31EC00683EA9 /* GTMSenTestCase.m in Sources */,
				8416A7ED0FAE31EC00683EA9 /* GTMIPhoneUnitTestMain.m in Sources */,
				8416A7EE0FAE31EC00683EA9 /* GTMIPhoneUnitTestDelegate.m in Sources */,
				8416A8330FAE433A00683EA9 /* ExpenseWorksAppDelegateTest.m in Sources */,
				8498AAE30FAE7E8D00DCD37B /* UIImage-SQLitePersistence.m in Sources */,
				8498AAE40FAE7E8D00DCD37B /* UIColor-SQLitePersistentObject.m in Sources */,
				8498AAE50FAE7E8D00DCD37B /* SQLitePersistentObject.m in Sources */,
				8498AAE60FAE7E8D00DCD37B /* SQLiteInstanceManager.m in Sources */,
				8498AAE70FAE7E8D00DCD37B /* NSString-UppercaseFirst.m in Sources */,
				8498AAE80FAE7E8D00DCD37B /* NSString-SQLitePersistence.m in Sources */,
				8498AAE90FAE7E8D00DCD37B /* NSString-SQLiteColumnName.m in Sources */,
				8498AAEA0FAE7E8D00DCD37B /* NSString-NumberStuff.m in Sources */,
				8498AAEB0FAE7E8D00DCD37B /* NSObject-SQLitePersistence.m in Sources */,
				8498AAEC0FAE7E8D00DCD37B /* NSObject-MissingKV.m in Sources */,
				8498AAED0FAE7E8D00DCD37B /* NSObject-ClassName.m in Sources */,
				8498AAEE0FAE7E8D00DCD37B /* NSNumber-SQLitePersistence.m in Sources */,
				8498AAEF0FAE7E8D00DCD37B /* NSMutableData-SQLitePersistence.m in Sources */,
				8498AAF00FAE7E8D00DCD37B /* NSMutableArray-MultipleSort.m in Sources */,
				8498AAF10FAE7E8D00DCD37B /* NSDate-SQLitePersistence.m in Sources */,
				8498AAF20FAE7E8D00DCD37B /* NSData-SQLitePersistence.m in Sources */,
				84AF32F00FAEBBFC0074174A /* ExpenseReportItem.m in Sources */,
				84AF333D0FAEC1F10074174A /* ExpenseReport.m in Sources */,
				84384A3D0FB7BAD100D469DC /* ExpenseReportController.m in Sources */,
				84D0AA760FBDD8AA009105AA /* NewExpenseReportItemController.m in Sources */,
				84D0AAD30FBDE3C1009105AA /* ExpenseTypesController.m in Sources */,
				84D0AAE30FBDF793009105AA /* ExpenseType.m in Sources */,
				84D9F48B0FBE300E0087185D /* Vendor.m in Sources */,
				840CFE8A0FC719C100A7E2BD /* Currency.m in Sources */,
				840C02CD0FC8C1EC00A7E2BD /* PaymentType.m in Sources */,
				840C02D30FC8C34700A7E2BD /* Attendee.m in Sources */,
				840C02D40FC8C34700A7E2BD /* Project.m in Sources */,
				840C07BE0FC909C600A7E2BD /* XTriplet.m in Sources */,
				840C07C00FC909C600A7E2BD /* XTrampoline.m in Sources */,
				840C07C20FC909C600A7E2BD /* XString.m in Sources */,
				840C07C40FC909C600A7E2BD /* XQuadruplet.m in Sources */,
				840C07C60FC909C600A7E2BD /* XObject.m in Sources */,
				840C07C80FC909C600A7E2BD /* XMethod.m in Sources */,
				840C07CA0FC909C600A7E2BD /* XDoublet.m in Sources */,
				840C07CC0FC909C600A7E2BD /* XCore.m in Sources */,
				840C07CD0FC909C600A7E2BD /* RegexKitLite.m in Sources */,
				840C07CE0FC909C600A7E2BD /* XFile.d in Sources */,
				840C07CF0FC909C600A7E2BD /* XFile.m in Sources */,
				840C07D00FC909C600A7E2BD /* XImage.d in Sources */,
				840C07D10FC909C600A7E2BD /* XImage.m in Sources */,
				840C07D20FC909C600A7E2BD /* _XParameterSet.m in Sources */,
				840C07D40FC909C600A7E2BD /* NSArray+X.m in Sources */,
				840C07D60FC909C600A7E2BD /* NSData+X.m in Sources */,
				840C07D80FC909C600A7E2BD /* NSDate+X.m in Sources */,
				840C07DA0FC909C600A7E2BD /* NSDateFormatter+X.m in Sources */,
				840C07DC0FC909C600A7E2BD /* NSDictionary+X.m in Sources */,
				840C07DE0FC909C600A7E2BD /* NSException+X.m in Sources */,
				840C07E00FC909C600A7E2BD /* NSFileManager+X.m in Sources */,
				840C07E20FC909C600A7E2BD /* NSInvocation+X.m in Sources */,
				840C07E40FC909C600A7E2BD /* NSMutableArray+X.m in Sources */,
				840C07E60FC909C600A7E2BD /* NSMutableDictionary+X.m in Sources */,
				840C07E80FC909C600A7E2BD /* NSMutableString+X.m in Sources */,
				840C07EA0FC909C600A7E2BD /* NSNumber+X.m in Sources */,
				840C07EC0FC909C600A7E2BD /* NSObject+X.m in Sources */,
				840C07EE0FC909C600A7E2BD /* NSString+X.m in Sources */,
				840C07F00FC909C600A7E2BD /* XArray.m in Sources */,
				840C07F20FC909C600A7E2BD /* XHash.m in Sources */,
				846732E50FCA12A800B25652 /* SQLitePersistentObject+X.m in Sources */,
				8467343E0FCA2DE100B25652 /* NSObject+SBJSON.m in Sources */,
				8467343F0FCA2DE100B25652 /* NSString+SBJSON.m in Sources */,
				846734400FCA2DE100B25652 /* SBJSON.m in Sources */,
				846734410FCA2DE100B25652 /* SBJsonBase.m in Sources */,
				846734420FCA2DE100B25652 /* SBJsonParser.m in Sources */,
				846734430FCA2DE100B25652 /* SBJsonWriter.m in Sources */,
			);
			runOnlyForDeploymentPostprocessing = 0;
		};
/* End PBXSourcesBuildPhase section */

/* Begin XCBuildConfiguration section */
		1D6058940D05DD3E006BFB54 /* Debugs */ = {
			isa = XCBuildConfiguration;
			buildSettings = {
				ALWAYS_SEARCH_USER_PATHS = NO;
				COPY_PHASE_STRIP = NO;
				FRAMEWORK_SEARCH_PATHS = (
					"$(inherited)",
					"\"$(SRCROOT)/../fx-core/build/Debug\"",
				);
				GCC_DYNAMIC_NO_PIC = NO;
				GCC_OPTIMIZATION_LEVEL = 0;
				GCC_PRECOMPILE_PREFIX_HEADER = YES;
				GCC_PREFIX_HEADER = ExpenseWorks_Prefix.pch;
				INFOPLIST_FILE = "ExpenseWorks-Info.plist";
				PRODUCT_NAME = ExpenseWorks;
			};
			name = Debugs;
		};
		1D6058950D05DD3E006BFB54 /* Releases */ = {
			isa = XCBuildConfiguration;
			buildSettings = {
				ALWAYS_SEARCH_USER_PATHS = NO;
				COPY_PHASE_STRIP = YES;
				FRAMEWORK_SEARCH_PATHS = (
					"$(inherited)",
					"\"$(SRCROOT)/../fx-core/build/Debug\"",
				);
				GCC_PRECOMPILE_PREFIX_HEADER = YES;
				GCC_PREFIX_HEADER = ExpenseWorks_Prefix.pch;
				INFOPLIST_FILE = "ExpenseWorks-Info.plist";
				PRODUCT_NAME = ExpenseWorks;
			};
			name = Releases;
		};
		8416A7E40FAE315600683EA9 /* Debugs */ = {
			isa = XCBuildConfiguration;
			buildSettings = {
				ALWAYS_SEARCH_USER_PATHS = NO;
				CODE_SIGN_IDENTITY = "iPhone Developer";
				FRAMEWORK_SEARCH_PATHS = (
					"$(inherited)",
					"\"$(SRCROOT)/../OcMock\"",
					"\"$(SRCROOT)/Frameworks\"",
					"\"$(SRCROOT)/../fx-core/build/Debug\"",
				);
				GCC_PRECOMPILE_PREFIX_HEADER = YES;
				GCC_PREFIX_HEADER = "$(SYSTEM_LIBRARY_DIR)/Frameworks/UIKit.framework/Headers/UIKit.h";
				INFOPLIST_FILE = "UnitTest-Info.plist";
				INSTALL_PATH = "$(HOME)/Applications";
				OTHER_LDFLAGS = (
					"-framework",
					Foundation,
					"-framework",
					UIKit,
				);
				PREBINDING = NO;
				PRODUCT_NAME = UnitTest;
				SDKROOT = iphoneos3.0;
			};
			name = Debugs;
		};
		8416A7E50FAE315600683EA9 /* Releases */ = {
			isa = XCBuildConfiguration;
			buildSettings = {
				ALWAYS_SEARCH_USER_PATHS = NO;
				CODE_SIGN_IDENTITY = "iPhone Developer";
				FRAMEWORK_SEARCH_PATHS = (
					"$(inherited)",
					"\"$(SRCROOT)/../OcMock\"",
					"\"$(SRCROOT)/Frameworks\"",
					"\"$(SRCROOT)/../fx-core/build/Debug\"",
				);
				GCC_PRECOMPILE_PREFIX_HEADER = YES;
				GCC_PREFIX_HEADER = "$(SYSTEM_LIBRARY_DIR)/Frameworks/UIKit.framework/Headers/UIKit.h";
				INFOPLIST_FILE = "UnitTest-Info.plist";
				INSTALL_PATH = "$(HOME)/Applications";
				OTHER_LDFLAGS = (
					"-framework",
					Foundation,
					"-framework",
					UIKit,
				);
				PREBINDING = NO;
				PRODUCT_NAME = UnitTest;
				SDKROOT = iphoneos3.0;
			};
			name = Releases;
		};
		C01FCF4F08A954540054247B /* Debugs */ = {
			isa = XCBuildConfiguration;
			buildSettings = {
				ARCHS = "$(ARCHS_STANDARD_32_BIT)";
				"CODE_SIGN_IDENTITY[sdk=iphoneos*]" = "iPhone Developer";
				GCC_C_LANGUAGE_STANDARD = c99;
				GCC_WARN_ABOUT_RETURN_TYPE = YES;
				GCC_WARN_UNUSED_VARIABLE = YES;
				ONLY_ACTIVE_ARCH = YES;
				PREBINDING = NO;
				SDKROOT = iphoneos3.0;
			};
			name = Debugs;
		};
		C01FCF5008A954540054247B /* Releases */ = {
			isa = XCBuildConfiguration;
			buildSettings = {
				ARCHS = "$(ARCHS_STANDARD_32_BIT)";
				"CODE_SIGN_IDENTITY[sdk=iphoneos*]" = "iPhone Developer";
				GCC_C_LANGUAGE_STANDARD = c99;
				GCC_WARN_ABOUT_RETURN_TYPE = YES;
				GCC_WARN_UNUSED_VARIABLE = YES;
				PREBINDING = NO;
				SDKROOT = iphoneos3.0;
			};
			name = Releases;
		};
/* End XCBuildConfiguration section */

/* Begin XCConfigurationList section */
		1D6058960D05DD3E006BFB54 /* Build configuration list for PBXNativeTarget "ExpenseWorks" */ = {
			isa = XCConfigurationList;
			buildConfigurations = (
				1D6058940D05DD3E006BFB54 /* Debugs */,
				1D6058950D05DD3E006BFB54 /* Releases */,
			);
			defaultConfigurationIsVisible = 0;
			defaultConfigurationName = Releases;
		};
		8416A7E60FAE315600683EA9 /* Build configuration list for PBXNativeTarget "UnitTest" */ = {
			isa = XCConfigurationList;
			buildConfigurations = (
				8416A7E40FAE315600683EA9 /* Debugs */,
				8416A7E50FAE315600683EA9 /* Releases */,
			);
			defaultConfigurationIsVisible = 0;
			defaultConfigurationName = Releases;
		};
		C01FCF4E08A954540054247B /* Build configuration list for PBXProject "ExpenseWorks" */ = {
			isa = XCConfigurationList;
			buildConfigurations = (
				C01FCF4F08A954540054247B /* Debugs */,
				C01FCF5008A954540054247B /* Releases */,
			);
			defaultConfigurationIsVisible = 0;
			defaultConfigurationName = Releases;
		};
/* End XCConfigurationList section */
	};
	rootObject = 29B97313FDCFA39411CA2CEA /* Project object */;
}
